// !$*UTF8*$!
{
	archiveVersion = 1;
	classes = {
	};
	objectVersion = 56;
	objects = {

/* Begin PBXBuildFile section */
		110AD9BD29A81DB700E3519F /* CartViewModel.swift in Sources */ = {isa = PBXBuildFile; fileRef = 110AD99829A81DB700E3519F /* CartViewModel.swift */; };
		110AD9BE29A81DB700E3519F /* CartDataManager.swift in Sources */ = {isa = PBXBuildFile; fileRef = 110AD99A29A81DB700E3519F /* CartDataManager.swift */; };
		110AD9BF29A81DB700E3519F /* CartServer.swift in Sources */ = {isa = PBXBuildFile; fileRef = 110AD99C29A81DB700E3519F /* CartServer.swift */; };
		110AD9C029A81DB700E3519F /* CartLocal.swift in Sources */ = {isa = PBXBuildFile; fileRef = 110AD99E29A81DB700E3519F /* CartLocal.swift */; };
		110AD9C229A81DB700E3519F /* CartView.swift in Sources */ = {isa = PBXBuildFile; fileRef = 110AD9A229A81DB700E3519F /* CartView.swift */; };
		110AD9C329A81DB700E3519F /* ProductDetailViewModel.swift in Sources */ = {isa = PBXBuildFile; fileRef = 110AD9A529A81DB700E3519F /* ProductDetailViewModel.swift */; };
		110AD9C429A81DB700E3519F /* ProductDetailDataManager.swift in Sources */ = {isa = PBXBuildFile; fileRef = 110AD9A729A81DB700E3519F /* ProductDetailDataManager.swift */; };
		110AD9C529A81DB700E3519F /* ProductDetailServer.swift in Sources */ = {isa = PBXBuildFile; fileRef = 110AD9A929A81DB700E3519F /* ProductDetailServer.swift */; };
		110AD9C629A81DB700E3519F /* ProductDetailLocal.swift in Sources */ = {isa = PBXBuildFile; fileRef = 110AD9AB29A81DB700E3519F /* ProductDetailLocal.swift */; };
		110AD9C829A81DB700E3519F /* ProductDetailView.swift in Sources */ = {isa = PBXBuildFile; fileRef = 110AD9AF29A81DB700E3519F /* ProductDetailView.swift */; };
		110AD9C929A81DB700E3519F /* ProductsViewModel.swift in Sources */ = {isa = PBXBuildFile; fileRef = 110AD9B229A81DB700E3519F /* ProductsViewModel.swift */; };
		110AD9CA29A81DB700E3519F /* ProductsServer.swift in Sources */ = {isa = PBXBuildFile; fileRef = 110AD9B529A81DB700E3519F /* ProductsServer.swift */; };
		110AD9CB29A81DB700E3519F /* ProductsLocal.swift in Sources */ = {isa = PBXBuildFile; fileRef = 110AD9B729A81DB700E3519F /* ProductsLocal.swift */; };
		110AD9CC29A81DB700E3519F /* ProductsDataManager.swift in Sources */ = {isa = PBXBuildFile; fileRef = 110AD9B829A81DB700E3519F /* ProductsDataManager.swift */; };
		110AD9CE29A81DB700E3519F /* ProductsView.swift in Sources */ = {isa = PBXBuildFile; fileRef = 110AD9BC29A81DB700E3519F /* ProductsView.swift */; };
		1146E8CF29A1312300420964 /* CabifyChallengeApp.swift in Sources */ = {isa = PBXBuildFile; fileRef = 1146E8CE29A1312300420964 /* CabifyChallengeApp.swift */; };
		1146E8D329A1312400420964 /* Assets.xcassets in Resources */ = {isa = PBXBuildFile; fileRef = 1146E8D229A1312400420964 /* Assets.xcassets */; };
		1146E8D629A1312400420964 /* Preview Assets.xcassets in Resources */ = {isa = PBXBuildFile; fileRef = 1146E8D529A1312400420964 /* Preview Assets.xcassets */; };
		1146E8E029A1312400420964 /* CabifyChallengeTests.swift in Sources */ = {isa = PBXBuildFile; fileRef = 1146E8DF29A1312400420964 /* CabifyChallengeTests.swift */; };
		1146E8EA29A1312400420964 /* CabifyChallengeUITests.swift in Sources */ = {isa = PBXBuildFile; fileRef = 1146E8E929A1312400420964 /* CabifyChallengeUITests.swift */; };
		1146E8EC29A1312400420964 /* CabifyChallengeUITestsLaunchTests.swift in Sources */ = {isa = PBXBuildFile; fileRef = 1146E8EB29A1312400420964 /* CabifyChallengeUITestsLaunchTests.swift */; };
		1146E97529A13A7600420964 /* NetworkControllerProtocol.swift in Sources */ = {isa = PBXBuildFile; fileRef = 1146E94129A13A7600420964 /* NetworkControllerProtocol.swift */; };
		1146E97629A13A7700420964 /* NetworkEndpoint.swift in Sources */ = {isa = PBXBuildFile; fileRef = 1146E94229A13A7600420964 /* NetworkEndpoint.swift */; };
		1146E97829A13A7700420964 /* NetworkResponse.swift in Sources */ = {isa = PBXBuildFile; fileRef = 1146E94429A13A7600420964 /* NetworkResponse.swift */; };
		1146E97929A13A7700420964 /* NetworkDecoder.swift in Sources */ = {isa = PBXBuildFile; fileRef = 1146E94529A13A7600420964 /* NetworkDecoder.swift */; };
		1146E97A29A13A7700420964 /* NetworkController.swift in Sources */ = {isa = PBXBuildFile; fileRef = 1146E94629A13A7600420964 /* NetworkController.swift */; };
		1146E97E29A13A7700420964 /* Localizable.strings in Resources */ = {isa = PBXBuildFile; fileRef = 1146E95029A13A7600420964 /* Localizable.strings */; };
		1146E97F29A13A7700420964 /* ConfigReader.swift in Sources */ = {isa = PBXBuildFile; fileRef = 1146E95429A13A7600420964 /* ConfigReader.swift */; };
		1146E98029A13A7700420964 /* ConfigurationDev.plist in Resources */ = {isa = PBXBuildFile; fileRef = 1146E95629A13A7600420964 /* ConfigurationDev.plist */; };
		1146E98129A13A7700420964 /* ConfigurationQA.plist in Resources */ = {isa = PBXBuildFile; fileRef = 1146E95829A13A7600420964 /* ConfigurationQA.plist */; };
		1146E98229A13A7700420964 /* ConfigurationManager.swift in Sources */ = {isa = PBXBuildFile; fileRef = 1146E95929A13A7600420964 /* ConfigurationManager.swift */; };
		1146E98329A13A7700420964 /* ConfigurationProd.plist in Resources */ = {isa = PBXBuildFile; fileRef = 1146E95B29A13A7600420964 /* ConfigurationProd.plist */; };
		1146E98529A13A7700420964 /* AppError-Model.swift in Sources */ = {isa = PBXBuildFile; fileRef = 1146E96029A13A7600420964 /* AppError-Model.swift */; };
		1146E98729A13A7700420964 /* Dictionary-Extension.swift in Sources */ = {isa = PBXBuildFile; fileRef = 1146E96329A13A7600420964 /* Dictionary-Extension.swift */; };
		1146E98829A13A7700420964 /* TimeInterval-Extension.swift in Sources */ = {isa = PBXBuildFile; fileRef = 1146E96429A13A7600420964 /* TimeInterval-Extension.swift */; };
		1146E98929A13A7700420964 /* String-Extension.swift in Sources */ = {isa = PBXBuildFile; fileRef = 1146E96529A13A7600420964 /* String-Extension.swift */; };
		1146E98A29A13A7700420964 /* UIImpactFeedBack.swift in Sources */ = {isa = PBXBuildFile; fileRef = 1146E96829A13A7600420964 /* UIImpactFeedBack.swift */; };
		1146E99B29A1452F00420964 /* AnalyticsEvent.swift in Sources */ = {isa = PBXBuildFile; fileRef = 1146E99A29A1452F00420964 /* AnalyticsEvent.swift */; };
		1146E99E29A14AA700420964 /* CloudKitAnalyticsEngine.swift in Sources */ = {isa = PBXBuildFile; fileRef = 1146E99D29A14AA700420964 /* CloudKitAnalyticsEngine.swift */; };
		1146E9A029A14AB600420964 /* FirebaseAnalyticsEngine.swift in Sources */ = {isa = PBXBuildFile; fileRef = 1146E99F29A14AB600420964 /* FirebaseAnalyticsEngine.swift */; };
		1162E70929A7EA60003A8184 /* StoreServer.swift in Sources */ = {isa = PBXBuildFile; fileRef = 1162E70829A7EA60003A8184 /* StoreServer.swift */; };
		11C7CA8F29A8028D00B4EE29 /* StyleGuide.swift in Sources */ = {isa = PBXBuildFile; fileRef = 11C7CA8E29A8028D00B4EE29 /* StyleGuide.swift */; };
		11C7CAA429A8070C00B4EE29 /* LaunchScreenViewModel.swift in Sources */ = {isa = PBXBuildFile; fileRef = 11C7CA9429A8070B00B4EE29 /* LaunchScreenViewModel.swift */; };
		11C7CAA529A8070C00B4EE29 /* LaunchScreenDataManager.swift in Sources */ = {isa = PBXBuildFile; fileRef = 11C7CA9629A8070B00B4EE29 /* LaunchScreenDataManager.swift */; };
		11C7CAA629A8070C00B4EE29 /* LaunchScreenServer.swift in Sources */ = {isa = PBXBuildFile; fileRef = 11C7CA9829A8070B00B4EE29 /* LaunchScreenServer.swift */; };
		11C7CAA729A8070C00B4EE29 /* LaunchScreenLocal.swift in Sources */ = {isa = PBXBuildFile; fileRef = 11C7CA9A29A8070B00B4EE29 /* LaunchScreenLocal.swift */; };
		11C7CAA829A8070C00B4EE29 /* FirebaseAnalyticsLaunchScreenTracker.swift in Sources */ = {isa = PBXBuildFile; fileRef = 11C7CA9C29A8070B00B4EE29 /* FirebaseAnalyticsLaunchScreenTracker.swift */; };
		11C7CAA929A8070C00B4EE29 /* LaunchScreenView.swift in Sources */ = {isa = PBXBuildFile; fileRef = 11C7CA9E29A8070B00B4EE29 /* LaunchScreenView.swift */; };
		11C7CAAF29A80A2600B4EE29 /* Animation-Extension.swift in Sources */ = {isa = PBXBuildFile; fileRef = 11C7CAAE29A80A2600B4EE29 /* Animation-Extension.swift */; };
		11C7CAB129A814DB00B4EE29 /* DataManager-Protocol.swift in Sources */ = {isa = PBXBuildFile; fileRef = 11C7CAB029A814DB00B4EE29 /* DataManager-Protocol.swift */; };
		11C7CAB429A8153B00B4EE29 /* DataManager.swift in Sources */ = {isa = PBXBuildFile; fileRef = 11C7CAB329A8153B00B4EE29 /* DataManager.swift */; };
		11C7CAB629A8156100B4EE29 /* DataAlert-Protocol.swift in Sources */ = {isa = PBXBuildFile; fileRef = 11C7CAB529A8156100B4EE29 /* DataAlert-Protocol.swift */; };
/* End PBXBuildFile section */

/* Begin PBXContainerItemProxy section */
		1146E8DC29A1312400420964 /* PBXContainerItemProxy */ = {
			isa = PBXContainerItemProxy;
			containerPortal = 1146E8C329A1312300420964 /* Project object */;
			proxyType = 1;
			remoteGlobalIDString = 1146E8CA29A1312300420964;
			remoteInfo = CabifyChallenge;
		};
		1146E8E629A1312400420964 /* PBXContainerItemProxy */ = {
			isa = PBXContainerItemProxy;
			containerPortal = 1146E8C329A1312300420964 /* Project object */;
			proxyType = 1;
			remoteGlobalIDString = 1146E8CA29A1312300420964;
			remoteInfo = CabifyChallenge;
		};
/* End PBXContainerItemProxy section */

/* Begin PBXFileReference section */
		110AD99829A81DB700E3519F /* CartViewModel.swift */ = {isa = PBXFileReference; fileEncoding = 4; lastKnownFileType = sourcecode.swift; path = CartViewModel.swift; sourceTree = "<group>"; };
		110AD99A29A81DB700E3519F /* CartDataManager.swift */ = {isa = PBXFileReference; fileEncoding = 4; lastKnownFileType = sourcecode.swift; path = CartDataManager.swift; sourceTree = "<group>"; };
		110AD99C29A81DB700E3519F /* CartServer.swift */ = {isa = PBXFileReference; fileEncoding = 4; lastKnownFileType = sourcecode.swift; path = CartServer.swift; sourceTree = "<group>"; };
		110AD99E29A81DB700E3519F /* CartLocal.swift */ = {isa = PBXFileReference; fileEncoding = 4; lastKnownFileType = sourcecode.swift; path = CartLocal.swift; sourceTree = "<group>"; };
		110AD9A229A81DB700E3519F /* CartView.swift */ = {isa = PBXFileReference; fileEncoding = 4; lastKnownFileType = sourcecode.swift; path = CartView.swift; sourceTree = "<group>"; };
		110AD9A529A81DB700E3519F /* ProductDetailViewModel.swift */ = {isa = PBXFileReference; fileEncoding = 4; lastKnownFileType = sourcecode.swift; path = ProductDetailViewModel.swift; sourceTree = "<group>"; };
		110AD9A729A81DB700E3519F /* ProductDetailDataManager.swift */ = {isa = PBXFileReference; fileEncoding = 4; lastKnownFileType = sourcecode.swift; path = ProductDetailDataManager.swift; sourceTree = "<group>"; };
		110AD9A929A81DB700E3519F /* ProductDetailServer.swift */ = {isa = PBXFileReference; fileEncoding = 4; lastKnownFileType = sourcecode.swift; path = ProductDetailServer.swift; sourceTree = "<group>"; };
		110AD9AB29A81DB700E3519F /* ProductDetailLocal.swift */ = {isa = PBXFileReference; fileEncoding = 4; lastKnownFileType = sourcecode.swift; path = ProductDetailLocal.swift; sourceTree = "<group>"; };
		110AD9AF29A81DB700E3519F /* ProductDetailView.swift */ = {isa = PBXFileReference; fileEncoding = 4; lastKnownFileType = sourcecode.swift; path = ProductDetailView.swift; sourceTree = "<group>"; };
		110AD9B229A81DB700E3519F /* ProductsViewModel.swift */ = {isa = PBXFileReference; fileEncoding = 4; lastKnownFileType = sourcecode.swift; path = ProductsViewModel.swift; sourceTree = "<group>"; };
		110AD9B529A81DB700E3519F /* ProductsServer.swift */ = {isa = PBXFileReference; fileEncoding = 4; lastKnownFileType = sourcecode.swift; path = ProductsServer.swift; sourceTree = "<group>"; };
		110AD9B729A81DB700E3519F /* ProductsLocal.swift */ = {isa = PBXFileReference; fileEncoding = 4; lastKnownFileType = sourcecode.swift; path = ProductsLocal.swift; sourceTree = "<group>"; };
		110AD9B829A81DB700E3519F /* ProductsDataManager.swift */ = {isa = PBXFileReference; fileEncoding = 4; lastKnownFileType = sourcecode.swift; path = ProductsDataManager.swift; sourceTree = "<group>"; };
		110AD9BC29A81DB700E3519F /* ProductsView.swift */ = {isa = PBXFileReference; fileEncoding = 4; lastKnownFileType = sourcecode.swift; path = ProductsView.swift; sourceTree = "<group>"; };
		1146E8CB29A1312300420964 /* CabifyChallenge.app */ = {isa = PBXFileReference; explicitFileType = wrapper.application; includeInIndex = 0; path = CabifyChallenge.app; sourceTree = BUILT_PRODUCTS_DIR; };
		1146E8CE29A1312300420964 /* CabifyChallengeApp.swift */ = {isa = PBXFileReference; lastKnownFileType = sourcecode.swift; path = CabifyChallengeApp.swift; sourceTree = "<group>"; };
		1146E8D229A1312400420964 /* Assets.xcassets */ = {isa = PBXFileReference; lastKnownFileType = folder.assetcatalog; path = Assets.xcassets; sourceTree = "<group>"; };
		1146E8D529A1312400420964 /* Preview Assets.xcassets */ = {isa = PBXFileReference; lastKnownFileType = folder.assetcatalog; path = "Preview Assets.xcassets"; sourceTree = "<group>"; };
		1146E8DB29A1312400420964 /* CabifyChallengeTests.xctest */ = {isa = PBXFileReference; explicitFileType = wrapper.cfbundle; includeInIndex = 0; path = CabifyChallengeTests.xctest; sourceTree = BUILT_PRODUCTS_DIR; };
		1146E8DF29A1312400420964 /* CabifyChallengeTests.swift */ = {isa = PBXFileReference; lastKnownFileType = sourcecode.swift; path = CabifyChallengeTests.swift; sourceTree = "<group>"; };
		1146E8E529A1312400420964 /* CabifyChallengeUITests.xctest */ = {isa = PBXFileReference; explicitFileType = wrapper.cfbundle; includeInIndex = 0; path = CabifyChallengeUITests.xctest; sourceTree = BUILT_PRODUCTS_DIR; };
		1146E8E929A1312400420964 /* CabifyChallengeUITests.swift */ = {isa = PBXFileReference; lastKnownFileType = sourcecode.swift; path = CabifyChallengeUITests.swift; sourceTree = "<group>"; };
		1146E8EB29A1312400420964 /* CabifyChallengeUITestsLaunchTests.swift */ = {isa = PBXFileReference; lastKnownFileType = sourcecode.swift; path = CabifyChallengeUITestsLaunchTests.swift; sourceTree = "<group>"; };
		1146E94129A13A7600420964 /* NetworkControllerProtocol.swift */ = {isa = PBXFileReference; fileEncoding = 4; lastKnownFileType = sourcecode.swift; path = NetworkControllerProtocol.swift; sourceTree = "<group>"; };
		1146E94229A13A7600420964 /* NetworkEndpoint.swift */ = {isa = PBXFileReference; fileEncoding = 4; lastKnownFileType = sourcecode.swift; path = NetworkEndpoint.swift; sourceTree = "<group>"; };
		1146E94429A13A7600420964 /* NetworkResponse.swift */ = {isa = PBXFileReference; fileEncoding = 4; lastKnownFileType = sourcecode.swift; path = NetworkResponse.swift; sourceTree = "<group>"; };
		1146E94529A13A7600420964 /* NetworkDecoder.swift */ = {isa = PBXFileReference; fileEncoding = 4; lastKnownFileType = sourcecode.swift; path = NetworkDecoder.swift; sourceTree = "<group>"; };
		1146E94629A13A7600420964 /* NetworkController.swift */ = {isa = PBXFileReference; fileEncoding = 4; lastKnownFileType = sourcecode.swift; path = NetworkController.swift; sourceTree = "<group>"; };
		1146E95129A13A7600420964 /* en */ = {isa = PBXFileReference; lastKnownFileType = text.plist.strings; name = en; path = en.lproj/Localizable.strings; sourceTree = "<group>"; };
		1146E95229A13A7600420964 /* es */ = {isa = PBXFileReference; lastKnownFileType = text.plist.strings; name = es; path = es.lproj/Localizable.strings; sourceTree = "<group>"; };
		1146E95429A13A7600420964 /* ConfigReader.swift */ = {isa = PBXFileReference; fileEncoding = 4; lastKnownFileType = sourcecode.swift; path = ConfigReader.swift; sourceTree = "<group>"; };
		1146E95629A13A7600420964 /* ConfigurationDev.plist */ = {isa = PBXFileReference; fileEncoding = 4; lastKnownFileType = text.plist.xml; path = ConfigurationDev.plist; sourceTree = "<group>"; };
		1146E95829A13A7600420964 /* ConfigurationQA.plist */ = {isa = PBXFileReference; fileEncoding = 4; lastKnownFileType = text.plist.xml; path = ConfigurationQA.plist; sourceTree = "<group>"; };
		1146E95929A13A7600420964 /* ConfigurationManager.swift */ = {isa = PBXFileReference; fileEncoding = 4; lastKnownFileType = sourcecode.swift; path = ConfigurationManager.swift; sourceTree = "<group>"; };
		1146E95B29A13A7600420964 /* ConfigurationProd.plist */ = {isa = PBXFileReference; fileEncoding = 4; lastKnownFileType = text.plist.xml; path = ConfigurationProd.plist; sourceTree = "<group>"; };
		1146E96029A13A7600420964 /* AppError-Model.swift */ = {isa = PBXFileReference; fileEncoding = 4; lastKnownFileType = sourcecode.swift; path = "AppError-Model.swift"; sourceTree = "<group>"; };
		1146E96329A13A7600420964 /* Dictionary-Extension.swift */ = {isa = PBXFileReference; fileEncoding = 4; lastKnownFileType = sourcecode.swift; path = "Dictionary-Extension.swift"; sourceTree = "<group>"; };
		1146E96429A13A7600420964 /* TimeInterval-Extension.swift */ = {isa = PBXFileReference; fileEncoding = 4; lastKnownFileType = sourcecode.swift; path = "TimeInterval-Extension.swift"; sourceTree = "<group>"; };
		1146E96529A13A7600420964 /* String-Extension.swift */ = {isa = PBXFileReference; fileEncoding = 4; lastKnownFileType = sourcecode.swift; path = "String-Extension.swift"; sourceTree = "<group>"; };
		1146E96829A13A7600420964 /* UIImpactFeedBack.swift */ = {isa = PBXFileReference; fileEncoding = 4; lastKnownFileType = sourcecode.swift; path = UIImpactFeedBack.swift; sourceTree = "<group>"; };
		1146E99A29A1452F00420964 /* AnalyticsEvent.swift */ = {isa = PBXFileReference; lastKnownFileType = sourcecode.swift; path = AnalyticsEvent.swift; sourceTree = "<group>"; };
		1146E99D29A14AA700420964 /* CloudKitAnalyticsEngine.swift */ = {isa = PBXFileReference; lastKnownFileType = sourcecode.swift; path = CloudKitAnalyticsEngine.swift; sourceTree = "<group>"; };
		1146E99F29A14AB600420964 /* FirebaseAnalyticsEngine.swift */ = {isa = PBXFileReference; lastKnownFileType = sourcecode.swift; path = FirebaseAnalyticsEngine.swift; sourceTree = "<group>"; };
		1162E70829A7EA60003A8184 /* StoreServer.swift */ = {isa = PBXFileReference; lastKnownFileType = sourcecode.swift; path = StoreServer.swift; sourceTree = "<group>"; };
		11C7CA8E29A8028D00B4EE29 /* StyleGuide.swift */ = {isa = PBXFileReference; lastKnownFileType = sourcecode.swift; path = StyleGuide.swift; sourceTree = "<group>"; };
		11C7CA9429A8070B00B4EE29 /* LaunchScreenViewModel.swift */ = {isa = PBXFileReference; fileEncoding = 4; lastKnownFileType = sourcecode.swift; path = LaunchScreenViewModel.swift; sourceTree = "<group>"; };
		11C7CA9629A8070B00B4EE29 /* LaunchScreenDataManager.swift */ = {isa = PBXFileReference; fileEncoding = 4; lastKnownFileType = sourcecode.swift; path = LaunchScreenDataManager.swift; sourceTree = "<group>"; };
		11C7CA9829A8070B00B4EE29 /* LaunchScreenServer.swift */ = {isa = PBXFileReference; fileEncoding = 4; lastKnownFileType = sourcecode.swift; path = LaunchScreenServer.swift; sourceTree = "<group>"; };
		11C7CA9A29A8070B00B4EE29 /* LaunchScreenLocal.swift */ = {isa = PBXFileReference; fileEncoding = 4; lastKnownFileType = sourcecode.swift; path = LaunchScreenLocal.swift; sourceTree = "<group>"; };
		11C7CA9C29A8070B00B4EE29 /* FirebaseAnalyticsLaunchScreenTracker.swift */ = {isa = PBXFileReference; fileEncoding = 4; lastKnownFileType = sourcecode.swift; path = FirebaseAnalyticsLaunchScreenTracker.swift; sourceTree = "<group>"; };
		11C7CA9E29A8070B00B4EE29 /* LaunchScreenView.swift */ = {isa = PBXFileReference; fileEncoding = 4; lastKnownFileType = sourcecode.swift; path = LaunchScreenView.swift; sourceTree = "<group>"; };
		11C7CAAE29A80A2600B4EE29 /* Animation-Extension.swift */ = {isa = PBXFileReference; lastKnownFileType = sourcecode.swift; path = "Animation-Extension.swift"; sourceTree = "<group>"; };
		11C7CAB029A814DB00B4EE29 /* DataManager-Protocol.swift */ = {isa = PBXFileReference; lastKnownFileType = sourcecode.swift; path = "DataManager-Protocol.swift"; sourceTree = "<group>"; };
		11C7CAB329A8153B00B4EE29 /* DataManager.swift */ = {isa = PBXFileReference; lastKnownFileType = sourcecode.swift; path = DataManager.swift; sourceTree = "<group>"; };
		11C7CAB529A8156100B4EE29 /* DataAlert-Protocol.swift */ = {isa = PBXFileReference; lastKnownFileType = sourcecode.swift; path = "DataAlert-Protocol.swift"; sourceTree = "<group>"; };
/* End PBXFileReference section */

/* Begin PBXFrameworksBuildPhase section */
		1146E8C829A1312300420964 /* Frameworks */ = {
			isa = PBXFrameworksBuildPhase;
			buildActionMask = 2147483647;
			files = (
			);
			runOnlyForDeploymentPostprocessing = 0;
		};
		1146E8D829A1312400420964 /* Frameworks */ = {
			isa = PBXFrameworksBuildPhase;
			buildActionMask = 2147483647;
			files = (
			);
			runOnlyForDeploymentPostprocessing = 0;
		};
		1146E8E229A1312400420964 /* Frameworks */ = {
			isa = PBXFrameworksBuildPhase;
			buildActionMask = 2147483647;
			files = (
			);
			runOnlyForDeploymentPostprocessing = 0;
		};
/* End PBXFrameworksBuildPhase section */

/* Begin PBXGroup section */
		110AD99629A81DB700E3519F /* Cart */ = {
			isa = PBXGroup;
			children = (
				110AD9A129A81DB700E3519F /* View */,
				110AD99729A81DB700E3519F /* ViewModel */,
				110AD99929A81DB700E3519F /* DataManager */,
			);
			path = Cart;
			sourceTree = "<group>";
		};
		110AD99729A81DB700E3519F /* ViewModel */ = {
			isa = PBXGroup;
			children = (
				110AD99829A81DB700E3519F /* CartViewModel.swift */,
			);
			path = ViewModel;
			sourceTree = "<group>";
		};
		110AD99929A81DB700E3519F /* DataManager */ = {
			isa = PBXGroup;
			children = (
				110AD99A29A81DB700E3519F /* CartDataManager.swift */,
				110AD99B29A81DB700E3519F /* Server */,
				110AD99D29A81DB700E3519F /* Local */,
			);
			path = DataManager;
			sourceTree = "<group>";
		};
		110AD99B29A81DB700E3519F /* Server */ = {
			isa = PBXGroup;
			children = (
				110AD99C29A81DB700E3519F /* CartServer.swift */,
			);
			path = Server;
			sourceTree = "<group>";
		};
		110AD99D29A81DB700E3519F /* Local */ = {
			isa = PBXGroup;
			children = (
				110AD99E29A81DB700E3519F /* CartLocal.swift */,
			);
			path = Local;
			sourceTree = "<group>";
		};
		110AD9A129A81DB700E3519F /* View */ = {
			isa = PBXGroup;
			children = (
				110AD9A229A81DB700E3519F /* CartView.swift */,
			);
			path = View;
			sourceTree = "<group>";
		};
		110AD9A329A81DB700E3519F /* ProductDetail */ = {
			isa = PBXGroup;
			children = (
				110AD9AE29A81DB700E3519F /* View */,
				110AD9A429A81DB700E3519F /* ViewModel */,
				110AD9A629A81DB700E3519F /* DataManager */,
			);
			path = ProductDetail;
			sourceTree = "<group>";
		};
		110AD9A429A81DB700E3519F /* ViewModel */ = {
			isa = PBXGroup;
			children = (
				110AD9A529A81DB700E3519F /* ProductDetailViewModel.swift */,
			);
			path = ViewModel;
			sourceTree = "<group>";
		};
		110AD9A629A81DB700E3519F /* DataManager */ = {
			isa = PBXGroup;
			children = (
				110AD9A729A81DB700E3519F /* ProductDetailDataManager.swift */,
				110AD9A829A81DB700E3519F /* Server */,
				110AD9AA29A81DB700E3519F /* Local */,
			);
			path = DataManager;
			sourceTree = "<group>";
		};
		110AD9A829A81DB700E3519F /* Server */ = {
			isa = PBXGroup;
			children = (
				110AD9A929A81DB700E3519F /* ProductDetailServer.swift */,
			);
			path = Server;
			sourceTree = "<group>";
		};
		110AD9AA29A81DB700E3519F /* Local */ = {
			isa = PBXGroup;
			children = (
				110AD9AB29A81DB700E3519F /* ProductDetailLocal.swift */,
			);
			path = Local;
			sourceTree = "<group>";
		};
		110AD9AE29A81DB700E3519F /* View */ = {
			isa = PBXGroup;
			children = (
				110AD9AF29A81DB700E3519F /* ProductDetailView.swift */,
			);
			path = View;
			sourceTree = "<group>";
		};
		110AD9B029A81DB700E3519F /* Products */ = {
			isa = PBXGroup;
			children = (
				110AD9BB29A81DB700E3519F /* View */,
				110AD9B129A81DB700E3519F /* ViewModel */,
				110AD9B329A81DB700E3519F /* DataManager */,
			);
			path = Products;
			sourceTree = "<group>";
		};
		110AD9B129A81DB700E3519F /* ViewModel */ = {
			isa = PBXGroup;
			children = (
				110AD9B229A81DB700E3519F /* ProductsViewModel.swift */,
			);
			path = ViewModel;
			sourceTree = "<group>";
		};
		110AD9B329A81DB700E3519F /* DataManager */ = {
			isa = PBXGroup;
			children = (
				110AD9B829A81DB700E3519F /* ProductsDataManager.swift */,
				110AD9B429A81DB700E3519F /* Server */,
				110AD9B629A81DB700E3519F /* Local */,
			);
			path = DataManager;
			sourceTree = "<group>";
		};
		110AD9B429A81DB700E3519F /* Server */ = {
			isa = PBXGroup;
			children = (
				110AD9B529A81DB700E3519F /* ProductsServer.swift */,
			);
			path = Server;
			sourceTree = "<group>";
		};
		110AD9B629A81DB700E3519F /* Local */ = {
			isa = PBXGroup;
			children = (
				110AD9B729A81DB700E3519F /* ProductsLocal.swift */,
			);
			path = Local;
			sourceTree = "<group>";
		};
		110AD9BB29A81DB700E3519F /* View */ = {
			isa = PBXGroup;
			children = (
				110AD9BC29A81DB700E3519F /* ProductsView.swift */,
			);
			path = View;
			sourceTree = "<group>";
		};
		1146E8C229A1312300420964 = {
			isa = PBXGroup;
			children = (
				1146E8CD29A1312300420964 /* CabifyChallenge */,
				1146E8DE29A1312400420964 /* CabifyChallengeTests */,
				1146E8E829A1312400420964 /* CabifyChallengeUITests */,
				1146E8CC29A1312300420964 /* Products */,
			);
			sourceTree = "<group>";
		};
		1146E8CC29A1312300420964 /* Products */ = {
			isa = PBXGroup;
			children = (
				1146E8CB29A1312300420964 /* CabifyChallenge.app */,
				1146E8DB29A1312400420964 /* CabifyChallengeTests.xctest */,
				1146E8E529A1312400420964 /* CabifyChallengeUITests.xctest */,
			);
			name = Products;
			sourceTree = "<group>";
		};
		1146E8CD29A1312300420964 /* CabifyChallenge */ = {
			isa = PBXGroup;
			children = (
				1146E99229A13AD100420964 /* BaseFiles */,
				1146E99429A140F000420964 /* Modules */,
				1146E93E29A13A7600420964 /* API */,
				1146E99929A1451000420964 /* Analytics */,
				1162E6E829A7E7FD003A8184 /* Shared */,
				1162E6E729A7E6CD003A8184 /* SharedUI */,
				1146E94F29A13A7600420964 /* SuportingFiles */,
				1146E99329A13E4E00420964 /* Assets */,
				1146E8D429A1312400420964 /* Preview Content */,
			);
			path = CabifyChallenge;
			sourceTree = "<group>";
		};
		1146E8D429A1312400420964 /* Preview Content */ = {
			isa = PBXGroup;
			children = (
				1146E8D529A1312400420964 /* Preview Assets.xcassets */,
			);
			path = "Preview Content";
			sourceTree = "<group>";
		};
		1146E8DE29A1312400420964 /* CabifyChallengeTests */ = {
			isa = PBXGroup;
			children = (
				1146E8DF29A1312400420964 /* CabifyChallengeTests.swift */,
			);
			path = CabifyChallengeTests;
			sourceTree = "<group>";
		};
		1146E8E829A1312400420964 /* CabifyChallengeUITests */ = {
			isa = PBXGroup;
			children = (
				1146E8E929A1312400420964 /* CabifyChallengeUITests.swift */,
				1146E8EB29A1312400420964 /* CabifyChallengeUITestsLaunchTests.swift */,
			);
			path = CabifyChallengeUITests;
			sourceTree = "<group>";
		};
		1146E93E29A13A7600420964 /* API */ = {
			isa = PBXGroup;
			children = (
				1146E93F29A13A7600420964 /* Service */,
				1146E94729A13A7600420964 /* Servers */,
			);
			name = API;
			path = "../../../Downloads/MVVMSwiftUI-main/MVVMSwiftUI/API";
			sourceTree = "<group>";
		};
		1146E93F29A13A7600420964 /* Service */ = {
			isa = PBXGroup;
			children = (
				1146E94129A13A7600420964 /* NetworkControllerProtocol.swift */,
				1146E94229A13A7600420964 /* NetworkEndpoint.swift */,
				1146E94429A13A7600420964 /* NetworkResponse.swift */,
				1146E94529A13A7600420964 /* NetworkDecoder.swift */,
				1146E94629A13A7600420964 /* NetworkController.swift */,
			);
			path = Service;
			sourceTree = "<group>";
		};
		1146E94729A13A7600420964 /* Servers */ = {
			isa = PBXGroup;
			children = (
				1162E70729A7EA3D003A8184 /* Store */,
			);
			path = Servers;
			sourceTree = "<group>";
		};
		1146E94F29A13A7600420964 /* SuportingFiles */ = {
			isa = PBXGroup;
			children = (
				1146E95029A13A7600420964 /* Localizable.strings */,
				1146E95329A13A7600420964 /* AppConfig */,
			);
			path = SuportingFiles;
			sourceTree = "<group>";
		};
		1146E95329A13A7600420964 /* AppConfig */ = {
			isa = PBXGroup;
			children = (
				1146E95929A13A7600420964 /* ConfigurationManager.swift */,
				1146E95429A13A7600420964 /* ConfigReader.swift */,
				1146E95529A13A7600420964 /* Development */,
				1146E95729A13A7600420964 /* QA */,
				1146E95A29A13A7600420964 /* Production */,
			);
			path = AppConfig;
			sourceTree = "<group>";
		};
		1146E95529A13A7600420964 /* Development */ = {
			isa = PBXGroup;
			children = (
				1146E95629A13A7600420964 /* ConfigurationDev.plist */,
			);
			path = Development;
			sourceTree = "<group>";
		};
		1146E95729A13A7600420964 /* QA */ = {
			isa = PBXGroup;
			children = (
				1146E95829A13A7600420964 /* ConfigurationQA.plist */,
			);
			path = QA;
			sourceTree = "<group>";
		};
		1146E95A29A13A7600420964 /* Production */ = {
			isa = PBXGroup;
			children = (
				1146E95B29A13A7600420964 /* ConfigurationProd.plist */,
			);
			path = Production;
			sourceTree = "<group>";
		};
		1146E95D29A13A7600420964 /* Modifiers */ = {
			isa = PBXGroup;
			children = (
			);
			path = Modifiers;
			sourceTree = "<group>";
		};
		1146E95F29A13A7600420964 /* Models */ = {
			isa = PBXGroup;
			children = (
				1146E96029A13A7600420964 /* AppError-Model.swift */,
			);
			path = Models;
			sourceTree = "<group>";
		};
		1146E96229A13A7600420964 /* Extensions */ = {
			isa = PBXGroup;
			children = (
				1146E96329A13A7600420964 /* Dictionary-Extension.swift */,
				1146E96429A13A7600420964 /* TimeInterval-Extension.swift */,
				1146E96529A13A7600420964 /* String-Extension.swift */,
				11C7CAAE29A80A2600B4EE29 /* Animation-Extension.swift */,
			);
			path = Extensions;
			sourceTree = "<group>";
		};
		1146E96629A13A7600420964 /* Utilities */ = {
			isa = PBXGroup;
			children = (
				11C7CAB229A8152500B4EE29 /* DataManager */,
				1146E96729A13A7600420964 /* UIImpactFeedBack */,
			);
			path = Utilities;
			sourceTree = "<group>";
		};
		1146E96729A13A7600420964 /* UIImpactFeedBack */ = {
			isa = PBXGroup;
			children = (
				1146E96829A13A7600420964 /* UIImpactFeedBack.swift */,
			);
			path = UIImpactFeedBack;
			sourceTree = "<group>";
		};
		1146E96C29A13A7600420964 /* Components */ = {
			isa = PBXGroup;
			children = (
			);
			path = Components;
			sourceTree = "<group>";
		};
		1146E96F29A13A7600420964 /* Protocols */ = {
			isa = PBXGroup;
			children = (
				11C7CAB029A814DB00B4EE29 /* DataManager-Protocol.swift */,
				11C7CAB529A8156100B4EE29 /* DataAlert-Protocol.swift */,
			);
			path = Protocols;
			sourceTree = "<group>";
		};
		1146E99229A13AD100420964 /* BaseFiles */ = {
			isa = PBXGroup;
			children = (
				1146E8CE29A1312300420964 /* CabifyChallengeApp.swift */,
			);
			path = BaseFiles;
			sourceTree = "<group>";
		};
		1146E99329A13E4E00420964 /* Assets */ = {
			isa = PBXGroup;
			children = (
				1146E8D229A1312400420964 /* Assets.xcassets */,
			);
			path = Assets;
			sourceTree = "<group>";
		};
		1146E99429A140F000420964 /* Modules */ = {
			isa = PBXGroup;
			children = (
				11C7CA9229A8070B00B4EE29 /* LaunchScreen */,
				110AD9B029A81DB700E3519F /* Products */,
				110AD9A329A81DB700E3519F /* ProductDetail */,
				110AD99629A81DB700E3519F /* Cart */,
			);
			path = Modules;
			sourceTree = "<group>";
		};
		1146E99929A1451000420964 /* Analytics */ = {
			isa = PBXGroup;
			children = (
				1146E99C29A14A9700420964 /* Engine */,
				1146E99A29A1452F00420964 /* AnalyticsEvent.swift */,
			);
			path = Analytics;
			sourceTree = "<group>";
		};
		1146E99C29A14A9700420964 /* Engine */ = {
			isa = PBXGroup;
			children = (
				1146E99D29A14AA700420964 /* CloudKitAnalyticsEngine.swift */,
				1146E99F29A14AB600420964 /* FirebaseAnalyticsEngine.swift */,
			);
			path = Engine;
			sourceTree = "<group>";
		};
		1162E6E729A7E6CD003A8184 /* SharedUI */ = {
			isa = PBXGroup;
			children = (
				1146E95D29A13A7600420964 /* Modifiers */,
				1146E96C29A13A7600420964 /* Components */,
			);
			path = SharedUI;
			sourceTree = "<group>";
		};
		1162E6E829A7E7FD003A8184 /* Shared */ = {
			isa = PBXGroup;
			children = (
				11C7CA8D29A8027C00B4EE29 /* StyleGuide */,
				1146E95F29A13A7600420964 /* Models */,
				1146E96229A13A7600420964 /* Extensions */,
				1146E96629A13A7600420964 /* Utilities */,
				1146E96F29A13A7600420964 /* Protocols */,
			);
			path = Shared;
			sourceTree = "<group>";
		};
		1162E70729A7EA3D003A8184 /* Store */ = {
			isa = PBXGroup;
			children = (
				1162E70829A7EA60003A8184 /* StoreServer.swift */,
			);
			path = Store;
			sourceTree = "<group>";
		};
		11C7CA8D29A8027C00B4EE29 /* StyleGuide */ = {
			isa = PBXGroup;
			children = (
				11C7CA8E29A8028D00B4EE29 /* StyleGuide.swift */,
			);
			path = StyleGuide;
			sourceTree = "<group>";
		};
		11C7CA9229A8070B00B4EE29 /* LaunchScreen */ = {
			isa = PBXGroup;
			children = (
				11C7CA9D29A8070B00B4EE29 /* View */,
				11C7CA9329A8070B00B4EE29 /* ViewModel */,
				11C7CA9529A8070B00B4EE29 /* DataManager */,
			);
			path = LaunchScreen;
			sourceTree = "<group>";
		};
		11C7CA9329A8070B00B4EE29 /* ViewModel */ = {
			isa = PBXGroup;
			children = (
				11C7CA9429A8070B00B4EE29 /* LaunchScreenViewModel.swift */,
			);
			path = ViewModel;
			sourceTree = "<group>";
		};
		11C7CA9529A8070B00B4EE29 /* DataManager */ = {
			isa = PBXGroup;
			children = (
				11C7CA9629A8070B00B4EE29 /* LaunchScreenDataManager.swift */,
				11C7CA9729A8070B00B4EE29 /* Server */,
				11C7CA9929A8070B00B4EE29 /* Local */,
				11C7CA9B29A8070B00B4EE29 /* Analytics */,
			);
			path = DataManager;
			sourceTree = "<group>";
		};
		11C7CA9729A8070B00B4EE29 /* Server */ = {
			isa = PBXGroup;
			children = (
				11C7CA9829A8070B00B4EE29 /* LaunchScreenServer.swift */,
			);
			path = Server;
			sourceTree = "<group>";
		};
		11C7CA9929A8070B00B4EE29 /* Local */ = {
			isa = PBXGroup;
			children = (
				11C7CA9A29A8070B00B4EE29 /* LaunchScreenLocal.swift */,
			);
			path = Local;
			sourceTree = "<group>";
		};
		11C7CA9B29A8070B00B4EE29 /* Analytics */ = {
			isa = PBXGroup;
			children = (
				11C7CA9C29A8070B00B4EE29 /* FirebaseAnalyticsLaunchScreenTracker.swift */,
			);
			path = Analytics;
			sourceTree = "<group>";
		};
		11C7CA9D29A8070B00B4EE29 /* View */ = {
			isa = PBXGroup;
			children = (
				11C7CA9E29A8070B00B4EE29 /* LaunchScreenView.swift */,
			);
			path = View;
			sourceTree = "<group>";
		};
		11C7CAB229A8152500B4EE29 /* DataManager */ = {
			isa = PBXGroup;
			children = (
				11C7CAB329A8153B00B4EE29 /* DataManager.swift */,
			);
			path = DataManager;
			sourceTree = "<group>";
		};
/* End PBXGroup section */

/* Begin PBXNativeTarget section */
		1146E8CA29A1312300420964 /* CabifyChallenge */ = {
			isa = PBXNativeTarget;
			buildConfigurationList = 1146E8EF29A1312400420964 /* Build configuration list for PBXNativeTarget "CabifyChallenge" */;
			buildPhases = (
				1146E8C729A1312300420964 /* Sources */,
				1146E8C829A1312300420964 /* Frameworks */,
				1146E8C929A1312300420964 /* Resources */,
			);
			buildRules = (
			);
			dependencies = (
			);
			name = CabifyChallenge;
			productName = CabifyChallenge;
			productReference = 1146E8CB29A1312300420964 /* CabifyChallenge.app */;
			productType = "com.apple.product-type.application";
		};
		1146E8DA29A1312400420964 /* CabifyChallengeTests */ = {
			isa = PBXNativeTarget;
			buildConfigurationList = 1146E8F229A1312400420964 /* Build configuration list for PBXNativeTarget "CabifyChallengeTests" */;
			buildPhases = (
				1146E8D729A1312400420964 /* Sources */,
				1146E8D829A1312400420964 /* Frameworks */,
				1146E8D929A1312400420964 /* Resources */,
			);
			buildRules = (
			);
			dependencies = (
				1146E8DD29A1312400420964 /* PBXTargetDependency */,
			);
			name = CabifyChallengeTests;
			productName = CabifyChallengeTests;
			productReference = 1146E8DB29A1312400420964 /* CabifyChallengeTests.xctest */;
			productType = "com.apple.product-type.bundle.unit-test";
		};
		1146E8E429A1312400420964 /* CabifyChallengeUITests */ = {
			isa = PBXNativeTarget;
			buildConfigurationList = 1146E8F529A1312400420964 /* Build configuration list for PBXNativeTarget "CabifyChallengeUITests" */;
			buildPhases = (
				1146E8E129A1312400420964 /* Sources */,
				1146E8E229A1312400420964 /* Frameworks */,
				1146E8E329A1312400420964 /* Resources */,
			);
			buildRules = (
			);
			dependencies = (
				1146E8E729A1312400420964 /* PBXTargetDependency */,
			);
			name = CabifyChallengeUITests;
			productName = CabifyChallengeUITests;
			productReference = 1146E8E529A1312400420964 /* CabifyChallengeUITests.xctest */;
			productType = "com.apple.product-type.bundle.ui-testing";
		};
/* End PBXNativeTarget section */

/* Begin PBXProject section */
		1146E8C329A1312300420964 /* Project object */ = {
			isa = PBXProject;
			attributes = {
				BuildIndependentTargetsInParallel = 1;
				LastSwiftUpdateCheck = 1420;
				LastUpgradeCheck = 1420;
				TargetAttributes = {
					1146E8CA29A1312300420964 = {
						CreatedOnToolsVersion = 14.2;
					};
					1146E8DA29A1312400420964 = {
						CreatedOnToolsVersion = 14.2;
						TestTargetID = 1146E8CA29A1312300420964;
					};
					1146E8E429A1312400420964 = {
						CreatedOnToolsVersion = 14.2;
						TestTargetID = 1146E8CA29A1312300420964;
					};
				};
			};
			buildConfigurationList = 1146E8C629A1312300420964 /* Build configuration list for PBXProject "CabifyChallenge" */;
			compatibilityVersion = "Xcode 14.0";
			developmentRegion = en;
			hasScannedForEncodings = 0;
			knownRegions = (
				en,
				Base,
				es,
			);
			mainGroup = 1146E8C229A1312300420964;
			productRefGroup = 1146E8CC29A1312300420964 /* Products */;
			projectDirPath = "";
			projectRoot = "";
			targets = (
				1146E8CA29A1312300420964 /* CabifyChallenge */,
				1146E8DA29A1312400420964 /* CabifyChallengeTests */,
				1146E8E429A1312400420964 /* CabifyChallengeUITests */,
			);
		};
/* End PBXProject section */

/* Begin PBXResourcesBuildPhase section */
		1146E8C929A1312300420964 /* Resources */ = {
			isa = PBXResourcesBuildPhase;
			buildActionMask = 2147483647;
			files = (
				1146E8D629A1312400420964 /* Preview Assets.xcassets in Resources */,
				1146E97E29A13A7700420964 /* Localizable.strings in Resources */,
				1146E98329A13A7700420964 /* ConfigurationProd.plist in Resources */,
				1146E8D329A1312400420964 /* Assets.xcassets in Resources */,
				1146E98029A13A7700420964 /* ConfigurationDev.plist in Resources */,
				1146E98129A13A7700420964 /* ConfigurationQA.plist in Resources */,
			);
			runOnlyForDeploymentPostprocessing = 0;
		};
		1146E8D929A1312400420964 /* Resources */ = {
			isa = PBXResourcesBuildPhase;
			buildActionMask = 2147483647;
			files = (
			);
			runOnlyForDeploymentPostprocessing = 0;
		};
		1146E8E329A1312400420964 /* Resources */ = {
			isa = PBXResourcesBuildPhase;
			buildActionMask = 2147483647;
			files = (
			);
			runOnlyForDeploymentPostprocessing = 0;
		};
/* End PBXResourcesBuildPhase section */

/* Begin PBXSourcesBuildPhase section */
		1146E8C729A1312300420964 /* Sources */ = {
			isa = PBXSourcesBuildPhase;
			buildActionMask = 2147483647;
			files = (
				11C7CAA529A8070C00B4EE29 /* LaunchScreenDataManager.swift in Sources */,
				110AD9C829A81DB700E3519F /* ProductDetailView.swift in Sources */,
				1146E99E29A14AA700420964 /* CloudKitAnalyticsEngine.swift in Sources */,
				110AD9C629A81DB700E3519F /* ProductDetailLocal.swift in Sources */,
				11C7CAA829A8070C00B4EE29 /* FirebaseAnalyticsLaunchScreenTracker.swift in Sources */,
				110AD9C329A81DB700E3519F /* ProductDetailViewModel.swift in Sources */,
				11C7CAB629A8156100B4EE29 /* DataAlert-Protocol.swift in Sources */,
				110AD9C929A81DB700E3519F /* ProductsViewModel.swift in Sources */,
				11C7CAA429A8070C00B4EE29 /* LaunchScreenViewModel.swift in Sources */,
				1146E97829A13A7700420964 /* NetworkResponse.swift in Sources */,
				1146E97529A13A7600420964 /* NetworkControllerProtocol.swift in Sources */,
				1146E9A029A14AB600420964 /* FirebaseAnalyticsEngine.swift in Sources */,
				1146E8CF29A1312300420964 /* CabifyChallengeApp.swift in Sources */,
				11C7CAA629A8070C00B4EE29 /* LaunchScreenServer.swift in Sources */,
				1146E97629A13A7700420964 /* NetworkEndpoint.swift in Sources */,
				110AD9BD29A81DB700E3519F /* CartViewModel.swift in Sources */,
				11C7CA8F29A8028D00B4EE29 /* StyleGuide.swift in Sources */,
				110AD9CA29A81DB700E3519F /* ProductsServer.swift in Sources */,
				110AD9BE29A81DB700E3519F /* CartDataManager.swift in Sources */,
				110AD9CE29A81DB700E3519F /* ProductsView.swift in Sources */,
				11C7CAA929A8070C00B4EE29 /* LaunchScreenView.swift in Sources */,
				1146E98529A13A7700420964 /* AppError-Model.swift in Sources */,
				1146E98729A13A7700420964 /* Dictionary-Extension.swift in Sources */,
				110AD9CB29A81DB700E3519F /* ProductsLocal.swift in Sources */,
				11C7CAB429A8153B00B4EE29 /* DataManager.swift in Sources */,
				1146E98A29A13A7700420964 /* UIImpactFeedBack.swift in Sources */,
				110AD9C229A81DB700E3519F /* CartView.swift in Sources */,
				110AD9C529A81DB700E3519F /* ProductDetailServer.swift in Sources */,
				1146E99B29A1452F00420964 /* AnalyticsEvent.swift in Sources */,
				1146E97F29A13A7700420964 /* ConfigReader.swift in Sources */,
				1146E98929A13A7700420964 /* String-Extension.swift in Sources */,
				1146E98229A13A7700420964 /* ConfigurationManager.swift in Sources */,
				110AD9C429A81DB700E3519F /* ProductDetailDataManager.swift in Sources */,
				11C7CAAF29A80A2600B4EE29 /* Animation-Extension.swift in Sources */,
				1146E98829A13A7700420964 /* TimeInterval-Extension.swift in Sources */,
				11C7CAA729A8070C00B4EE29 /* LaunchScreenLocal.swift in Sources */,
				110AD9CC29A81DB700E3519F /* ProductsDataManager.swift in Sources */,
				1146E97929A13A7700420964 /* NetworkDecoder.swift in Sources */,
				1162E70929A7EA60003A8184 /* StoreServer.swift in Sources */,
				1146E97A29A13A7700420964 /* NetworkController.swift in Sources */,
				110AD9BF29A81DB700E3519F /* CartServer.swift in Sources */,
				11C7CAB129A814DB00B4EE29 /* DataManager-Protocol.swift in Sources */,
				110AD9C029A81DB700E3519F /* CartLocal.swift in Sources */,
			);
			runOnlyForDeploymentPostprocessing = 0;
		};
		1146E8D729A1312400420964 /* Sources */ = {
			isa = PBXSourcesBuildPhase;
			buildActionMask = 2147483647;
			files = (
				1146E8E029A1312400420964 /* CabifyChallengeTests.swift in Sources */,
			);
			runOnlyForDeploymentPostprocessing = 0;
		};
		1146E8E129A1312400420964 /* Sources */ = {
			isa = PBXSourcesBuildPhase;
			buildActionMask = 2147483647;
			files = (
				1146E8EC29A1312400420964 /* CabifyChallengeUITestsLaunchTests.swift in Sources */,
				1146E8EA29A1312400420964 /* CabifyChallengeUITests.swift in Sources */,
			);
			runOnlyForDeploymentPostprocessing = 0;
		};
/* End PBXSourcesBuildPhase section */

/* Begin PBXTargetDependency section */
		1146E8DD29A1312400420964 /* PBXTargetDependency */ = {
			isa = PBXTargetDependency;
			target = 1146E8CA29A1312300420964 /* CabifyChallenge */;
			targetProxy = 1146E8DC29A1312400420964 /* PBXContainerItemProxy */;
		};
		1146E8E729A1312400420964 /* PBXTargetDependency */ = {
			isa = PBXTargetDependency;
			target = 1146E8CA29A1312300420964 /* CabifyChallenge */;
			targetProxy = 1146E8E629A1312400420964 /* PBXContainerItemProxy */;
		};
/* End PBXTargetDependency section */

/* Begin PBXVariantGroup section */
		1146E95029A13A7600420964 /* Localizable.strings */ = {
			isa = PBXVariantGroup;
			children = (
				1146E95129A13A7600420964 /* en */,
				1146E95229A13A7600420964 /* es */,
			);
			name = Localizable.strings;
			sourceTree = "<group>";
		};
/* End PBXVariantGroup section */

/* Begin XCBuildConfiguration section */
		1146E8ED29A1312400420964 /* Dev */ = {
			isa = XCBuildConfiguration;
			buildSettings = {
				ALWAYS_SEARCH_USER_PATHS = NO;
				CLANG_ANALYZER_NONNULL = YES;
				CLANG_ANALYZER_NUMBER_OBJECT_CONVERSION = YES_AGGRESSIVE;
				CLANG_CXX_LANGUAGE_STANDARD = "gnu++20";
				CLANG_ENABLE_MODULES = YES;
				CLANG_ENABLE_OBJC_ARC = YES;
				CLANG_ENABLE_OBJC_WEAK = YES;
				CLANG_WARN_BLOCK_CAPTURE_AUTORELEASING = YES;
				CLANG_WARN_BOOL_CONVERSION = YES;
				CLANG_WARN_COMMA = YES;
				CLANG_WARN_CONSTANT_CONVERSION = YES;
				CLANG_WARN_DEPRECATED_OBJC_IMPLEMENTATIONS = YES;
				CLANG_WARN_DIRECT_OBJC_ISA_USAGE = YES_ERROR;
				CLANG_WARN_DOCUMENTATION_COMMENTS = YES;
				CLANG_WARN_EMPTY_BODY = YES;
				CLANG_WARN_ENUM_CONVERSION = YES;
				CLANG_WARN_INFINITE_RECURSION = YES;
				CLANG_WARN_INT_CONVERSION = YES;
				CLANG_WARN_NON_LITERAL_NULL_CONVERSION = YES;
				CLANG_WARN_OBJC_IMPLICIT_RETAIN_SELF = YES;
				CLANG_WARN_OBJC_LITERAL_CONVERSION = YES;
				CLANG_WARN_OBJC_ROOT_CLASS = YES_ERROR;
				CLANG_WARN_QUOTED_INCLUDE_IN_FRAMEWORK_HEADER = YES;
				CLANG_WARN_RANGE_LOOP_ANALYSIS = YES;
				CLANG_WARN_STRICT_PROTOTYPES = YES;
				CLANG_WARN_SUSPICIOUS_MOVE = YES;
				CLANG_WARN_UNGUARDED_AVAILABILITY = YES_AGGRESSIVE;
				CLANG_WARN_UNREACHABLE_CODE = YES;
				CLANG_WARN__DUPLICATE_METHOD_MATCH = YES;
				COPY_PHASE_STRIP = NO;
				DEBUG_INFORMATION_FORMAT = dwarf;
				ENABLE_STRICT_OBJC_MSGSEND = YES;
				ENABLE_TESTABILITY = YES;
				GCC_C_LANGUAGE_STANDARD = gnu11;
				GCC_DYNAMIC_NO_PIC = NO;
				GCC_NO_COMMON_BLOCKS = YES;
				GCC_OPTIMIZATION_LEVEL = 0;
				GCC_PREPROCESSOR_DEFINITIONS = (
					"DEBUG=1",
					"$(inherited)",
				);
				GCC_WARN_64_TO_32_BIT_CONVERSION = YES;
				GCC_WARN_ABOUT_RETURN_TYPE = YES_ERROR;
				GCC_WARN_UNDECLARED_SELECTOR = YES;
				GCC_WARN_UNINITIALIZED_AUTOS = YES_AGGRESSIVE;
				GCC_WARN_UNUSED_FUNCTION = YES;
				GCC_WARN_UNUSED_VARIABLE = YES;
				IPHONEOS_DEPLOYMENT_TARGET = 14.0;
				MTL_ENABLE_DEBUG_INFO = INCLUDE_SOURCE;
				MTL_FAST_MATH = YES;
				ONLY_ACTIVE_ARCH = YES;
				SDKROOT = iphoneos;
				SWIFT_ACTIVE_COMPILATION_CONDITIONS = "DEBUG DEV";
				SWIFT_OPTIMIZATION_LEVEL = "-Onone";
			};
			name = Dev;
		};
		1146E8EE29A1312400420964 /* Prod */ = {
			isa = XCBuildConfiguration;
			buildSettings = {
				ALWAYS_SEARCH_USER_PATHS = NO;
				CLANG_ANALYZER_NONNULL = YES;
				CLANG_ANALYZER_NUMBER_OBJECT_CONVERSION = YES_AGGRESSIVE;
				CLANG_CXX_LANGUAGE_STANDARD = "gnu++20";
				CLANG_ENABLE_MODULES = YES;
				CLANG_ENABLE_OBJC_ARC = YES;
				CLANG_ENABLE_OBJC_WEAK = YES;
				CLANG_WARN_BLOCK_CAPTURE_AUTORELEASING = YES;
				CLANG_WARN_BOOL_CONVERSION = YES;
				CLANG_WARN_COMMA = YES;
				CLANG_WARN_CONSTANT_CONVERSION = YES;
				CLANG_WARN_DEPRECATED_OBJC_IMPLEMENTATIONS = YES;
				CLANG_WARN_DIRECT_OBJC_ISA_USAGE = YES_ERROR;
				CLANG_WARN_DOCUMENTATION_COMMENTS = YES;
				CLANG_WARN_EMPTY_BODY = YES;
				CLANG_WARN_ENUM_CONVERSION = YES;
				CLANG_WARN_INFINITE_RECURSION = YES;
				CLANG_WARN_INT_CONVERSION = YES;
				CLANG_WARN_NON_LITERAL_NULL_CONVERSION = YES;
				CLANG_WARN_OBJC_IMPLICIT_RETAIN_SELF = YES;
				CLANG_WARN_OBJC_LITERAL_CONVERSION = YES;
				CLANG_WARN_OBJC_ROOT_CLASS = YES_ERROR;
				CLANG_WARN_QUOTED_INCLUDE_IN_FRAMEWORK_HEADER = YES;
				CLANG_WARN_RANGE_LOOP_ANALYSIS = YES;
				CLANG_WARN_STRICT_PROTOTYPES = YES;
				CLANG_WARN_SUSPICIOUS_MOVE = YES;
				CLANG_WARN_UNGUARDED_AVAILABILITY = YES_AGGRESSIVE;
				CLANG_WARN_UNREACHABLE_CODE = YES;
				CLANG_WARN__DUPLICATE_METHOD_MATCH = YES;
				COPY_PHASE_STRIP = NO;
				DEBUG_INFORMATION_FORMAT = "dwarf-with-dsym";
				ENABLE_NS_ASSERTIONS = NO;
				ENABLE_STRICT_OBJC_MSGSEND = YES;
				GCC_C_LANGUAGE_STANDARD = gnu11;
				GCC_NO_COMMON_BLOCKS = YES;
				GCC_WARN_64_TO_32_BIT_CONVERSION = YES;
				GCC_WARN_ABOUT_RETURN_TYPE = YES_ERROR;
				GCC_WARN_UNDECLARED_SELECTOR = YES;
				GCC_WARN_UNINITIALIZED_AUTOS = YES_AGGRESSIVE;
				GCC_WARN_UNUSED_FUNCTION = YES;
				GCC_WARN_UNUSED_VARIABLE = YES;
				IPHONEOS_DEPLOYMENT_TARGET = 14.0;
				MTL_ENABLE_DEBUG_INFO = NO;
				MTL_FAST_MATH = YES;
				SDKROOT = iphoneos;
				SWIFT_ACTIVE_COMPILATION_CONDITIONS = PROD;
				SWIFT_COMPILATION_MODE = wholemodule;
				SWIFT_OPTIMIZATION_LEVEL = "-O";
				VALIDATE_PRODUCT = YES;
			};
			name = Prod;
		};
		1146E8F029A1312400420964 /* Dev */ = {
			isa = XCBuildConfiguration;
			buildSettings = {
				ASSETCATALOG_COMPILER_APPICON_NAME = AppIcon;
				ASSETCATALOG_COMPILER_GLOBAL_ACCENT_COLOR_NAME = AccentColor;
				CODE_SIGN_STYLE = Automatic;
				CURRENT_PROJECT_VERSION = 1;
				DEVELOPMENT_ASSET_PATHS = "\"CabifyChallenge/Preview Content\"";
				DEVELOPMENT_TEAM = ZASPB3G349;
				ENABLE_PREVIEWS = YES;
				GENERATE_INFOPLIST_FILE = YES;
				INFOPLIST_KEY_UIApplicationSceneManifest_Generation = YES;
				INFOPLIST_KEY_UIApplicationSupportsIndirectInputEvents = YES;
				INFOPLIST_KEY_UILaunchScreen_Generation = YES;
				INFOPLIST_KEY_UILaunchStoryboardName = "";
				INFOPLIST_KEY_UISupportedInterfaceOrientations_iPad = "UIInterfaceOrientationPortrait UIInterfaceOrientationPortraitUpsideDown UIInterfaceOrientationLandscapeLeft UIInterfaceOrientationLandscapeRight";
				INFOPLIST_KEY_UISupportedInterfaceOrientations_iPhone = "UIInterfaceOrientationPortrait UIInterfaceOrientationLandscapeLeft UIInterfaceOrientationLandscapeRight";
				LD_RUNPATH_SEARCH_PATHS = (
					"$(inherited)",
					"@executable_path/Frameworks",
				);
				MARKETING_VERSION = 1.0;
				PRODUCT_BUNDLE_IDENTIFIER = com.bryancms.CabifyChallenge;
				PRODUCT_NAME = "$(TARGET_NAME)";
				SWIFT_EMIT_LOC_STRINGS = YES;
				SWIFT_VERSION = 5.0;
				TARGETED_DEVICE_FAMILY = "1,2";
			};
			name = Dev;
		};
		1146E8F129A1312400420964 /* Prod */ = {
			isa = XCBuildConfiguration;
			buildSettings = {
				ASSETCATALOG_COMPILER_APPICON_NAME = AppIcon;
				ASSETCATALOG_COMPILER_GLOBAL_ACCENT_COLOR_NAME = AccentColor;
				CODE_SIGN_STYLE = Automatic;
				CURRENT_PROJECT_VERSION = 1;
				DEVELOPMENT_ASSET_PATHS = "\"CabifyChallenge/Preview Content\"";
				DEVELOPMENT_TEAM = ZASPB3G349;
				ENABLE_PREVIEWS = YES;
				GENERATE_INFOPLIST_FILE = YES;
				INFOPLIST_KEY_UIApplicationSceneManifest_Generation = YES;
				INFOPLIST_KEY_UIApplicationSupportsIndirectInputEvents = YES;
				INFOPLIST_KEY_UILaunchScreen_Generation = YES;
				INFOPLIST_KEY_UILaunchStoryboardName = "";
				INFOPLIST_KEY_UISupportedInterfaceOrientations_iPad = "UIInterfaceOrientationPortrait UIInterfaceOrientationPortraitUpsideDown UIInterfaceOrientationLandscapeLeft UIInterfaceOrientationLandscapeRight";
				INFOPLIST_KEY_UISupportedInterfaceOrientations_iPhone = "UIInterfaceOrientationPortrait UIInterfaceOrientationLandscapeLeft UIInterfaceOrientationLandscapeRight";
				LD_RUNPATH_SEARCH_PATHS = (
					"$(inherited)",
					"@executable_path/Frameworks",
				);
				MARKETING_VERSION = 1.0;
				PRODUCT_BUNDLE_IDENTIFIER = com.bryancms.CabifyChallenge;
				PRODUCT_NAME = "$(TARGET_NAME)";
				SWIFT_EMIT_LOC_STRINGS = YES;
				SWIFT_VERSION = 5.0;
				TARGETED_DEVICE_FAMILY = "1,2";
			};
			name = Prod;
		};
		1146E8F329A1312400420964 /* Dev */ = {
			isa = XCBuildConfiguration;
			buildSettings = {
				ALWAYS_EMBED_SWIFT_STANDARD_LIBRARIES = YES;
				BUNDLE_LOADER = "$(TEST_HOST)";
				CODE_SIGN_STYLE = Automatic;
				CURRENT_PROJECT_VERSION = 1;
				DEVELOPMENT_TEAM = ZASPB3G349;
				GENERATE_INFOPLIST_FILE = YES;
				IPHONEOS_DEPLOYMENT_TARGET = 16.2;
				MARKETING_VERSION = 1.0;
				PRODUCT_BUNDLE_IDENTIFIER = com.bryancms.CabifyChallengeTests;
				PRODUCT_NAME = "$(TARGET_NAME)";
				SWIFT_EMIT_LOC_STRINGS = NO;
				SWIFT_VERSION = 5.0;
				TARGETED_DEVICE_FAMILY = "1,2";
				TEST_HOST = "$(BUILT_PRODUCTS_DIR)/CabifyChallenge.app/$(BUNDLE_EXECUTABLE_FOLDER_PATH)/CabifyChallenge";
			};
			name = Dev;
		};
		1146E8F429A1312400420964 /* Prod */ = {
			isa = XCBuildConfiguration;
			buildSettings = {
				ALWAYS_EMBED_SWIFT_STANDARD_LIBRARIES = YES;
				BUNDLE_LOADER = "$(TEST_HOST)";
				CODE_SIGN_STYLE = Automatic;
				CURRENT_PROJECT_VERSION = 1;
				DEVELOPMENT_TEAM = ZASPB3G349;
				GENERATE_INFOPLIST_FILE = YES;
				IPHONEOS_DEPLOYMENT_TARGET = 16.2;
				MARKETING_VERSION = 1.0;
				PRODUCT_BUNDLE_IDENTIFIER = com.bryancms.CabifyChallengeTests;
				PRODUCT_NAME = "$(TARGET_NAME)";
				SWIFT_EMIT_LOC_STRINGS = NO;
				SWIFT_VERSION = 5.0;
				TARGETED_DEVICE_FAMILY = "1,2";
				TEST_HOST = "$(BUILT_PRODUCTS_DIR)/CabifyChallenge.app/$(BUNDLE_EXECUTABLE_FOLDER_PATH)/CabifyChallenge";
			};
			name = Prod;
		};
		1146E8F629A1312400420964 /* Dev */ = {
			isa = XCBuildConfiguration;
			buildSettings = {
				ALWAYS_EMBED_SWIFT_STANDARD_LIBRARIES = YES;
				CODE_SIGN_STYLE = Automatic;
				CURRENT_PROJECT_VERSION = 1;
				DEVELOPMENT_TEAM = ZASPB3G349;
				GENERATE_INFOPLIST_FILE = YES;
				MARKETING_VERSION = 1.0;
				PRODUCT_BUNDLE_IDENTIFIER = com.bryancms.CabifyChallengeUITests;
				PRODUCT_NAME = "$(TARGET_NAME)";
				SWIFT_EMIT_LOC_STRINGS = NO;
				SWIFT_VERSION = 5.0;
				TARGETED_DEVICE_FAMILY = "1,2";
				TEST_TARGET_NAME = CabifyChallenge;
			};
			name = Dev;
		};
		1146E8F729A1312400420964 /* Prod */ = {
			isa = XCBuildConfiguration;
			buildSettings = {
				ALWAYS_EMBED_SWIFT_STANDARD_LIBRARIES = YES;
				CODE_SIGN_STYLE = Automatic;
				CURRENT_PROJECT_VERSION = 1;
				DEVELOPMENT_TEAM = ZASPB3G349;
				GENERATE_INFOPLIST_FILE = YES;
				MARKETING_VERSION = 1.0;
				PRODUCT_BUNDLE_IDENTIFIER = com.bryancms.CabifyChallengeUITests;
				PRODUCT_NAME = "$(TARGET_NAME)";
				SWIFT_EMIT_LOC_STRINGS = NO;
				SWIFT_VERSION = 5.0;
				TARGETED_DEVICE_FAMILY = "1,2";
				TEST_TARGET_NAME = CabifyChallenge;
			};
			name = Prod;
		};
/* End XCBuildConfiguration section */

/* Begin XCConfigurationList section */
		1146E8C629A1312300420964 /* Build configuration list for PBXProject "CabifyChallenge" */ = {
			isa = XCConfigurationList;
			buildConfigurations = (
				1146E8ED29A1312400420964 /* Dev */,
				1146E8EE29A1312400420964 /* Prod */,
			);
			defaultConfigurationIsVisible = 0;
			defaultConfigurationName = Prod;
		};
		1146E8EF29A1312400420964 /* Build configuration list for PBXNativeTarget "CabifyChallenge" */ = {
			isa = XCConfigurationList;
			buildConfigurations = (
				1146E8F029A1312400420964 /* Dev */,
				1146E8F129A1312400420964 /* Prod */,
			);
			defaultConfigurationIsVisible = 0;
			defaultConfigurationName = Prod;
		};
		1146E8F229A1312400420964 /* Build configuration list for PBXNativeTarget "CabifyChallengeTests" */ = {
			isa = XCConfigurationList;
			buildConfigurations = (
				1146E8F329A1312400420964 /* Dev */,
				1146E8F429A1312400420964 /* Prod */,
			);
			defaultConfigurationIsVisible = 0;
			defaultConfigurationName = Prod;
		};
		1146E8F529A1312400420964 /* Build configuration list for PBXNativeTarget "CabifyChallengeUITests" */ = {
			isa = XCConfigurationList;
			buildConfigurations = (
				1146E8F629A1312400420964 /* Dev */,
				1146E8F729A1312400420964 /* Prod */,
			);
			defaultConfigurationIsVisible = 0;
			defaultConfigurationName = Prod;
		};
/* End XCConfigurationList section */
	};
	rootObject = 1146E8C329A1312300420964 /* Project object */;
}
