// !$*UTF8*$!
{
	archiveVersion = 1;
	classes = {
	};
	objectVersion = 56;
	objects = {

/* Begin PBXBuildFile section */
		110AD9E329A8221100E3519F /* CartButtonView.swift in Sources */ = {isa = PBXBuildFile; fileRef = 110AD9DD29A8221100E3519F /* CartButtonView.swift */; };
		110AD9E729A822BD00E3519F /* ExpButton.swift in Sources */ = {isa = PBXBuildFile; fileRef = 110AD9E629A822BD00E3519F /* ExpButton.swift */; };
		110AD9FD29A8249E00E3519F /* ProductCell.swift in Sources */ = {isa = PBXBuildFile; fileRef = 110AD9F729A8249E00E3519F /* ProductCell.swift */; };
		110ADA0029A8262900E3519F /* PreferencesKey.swift in Sources */ = {isa = PBXBuildFile; fileRef = 110AD9FF29A8262900E3519F /* PreferencesKey.swift */; };
		110ADA0229A8274500E3519F /* Product-Model.swift in Sources */ = {isa = PBXBuildFile; fileRef = 110ADA0129A8274500E3519F /* Product-Model.swift */; };
		110ADA1829A82CA200E3519F /* AddToCartButtonView.swift in Sources */ = {isa = PBXBuildFile; fileRef = 110ADA1229A82CA200E3519F /* AddToCartButtonView.swift */; };
		110ADA2D29A82EAB00E3519F /* CartProductCell.swift in Sources */ = {isa = PBXBuildFile; fileRef = 110ADA2729A82EAB00E3519F /* CartProductCell.swift */; };
		110ADA4229A82ED800E3519F /* PayButtonView.swift in Sources */ = {isa = PBXBuildFile; fileRef = 110ADA3C29A82ED800E3519F /* PayButtonView.swift */; };
		110ADA5729A8376D00E3519F /* BackButtonView.swift in Sources */ = {isa = PBXBuildFile; fileRef = 110ADA5129A8376D00E3519F /* BackButtonView.swift */; };
		1113A36C2AF6863E009B9AE5 /* CoreNetwork in Frameworks */ = {isa = PBXBuildFile; productRef = 1113A36B2AF6863E009B9AE5 /* CoreNetwork */; };
		1113A36F2AF68C70009B9AE5 /* CoreUtils in Frameworks */ = {isa = PBXBuildFile; productRef = 1113A36E2AF68C70009B9AE5 /* CoreUtils */; };
		1113A3712AF68E60009B9AE5 /* Endpoint.swift in Sources */ = {isa = PBXBuildFile; fileRef = 1113A3702AF68E60009B9AE5 /* Endpoint.swift */; };
		1146E8CF29A1312300420964 /* CabifyChallengeApp.swift in Sources */ = {isa = PBXBuildFile; fileRef = 1146E8CE29A1312300420964 /* CabifyChallengeApp.swift */; };
		1146E8D329A1312400420964 /* Assets.xcassets in Resources */ = {isa = PBXBuildFile; fileRef = 1146E8D229A1312400420964 /* Assets.xcassets */; };
		1146E8D629A1312400420964 /* Preview Assets.xcassets in Resources */ = {isa = PBXBuildFile; fileRef = 1146E8D529A1312400420964 /* Preview Assets.xcassets */; };
		1146E8EA29A1312400420964 /* CabifyChallengeUITests.swift in Sources */ = {isa = PBXBuildFile; fileRef = 1146E8E929A1312400420964 /* CabifyChallengeUITests.swift */; };
		1146E8EC29A1312400420964 /* CabifyChallengeUITestsLaunchTests.swift in Sources */ = {isa = PBXBuildFile; fileRef = 1146E8EB29A1312400420964 /* CabifyChallengeUITestsLaunchTests.swift */; };
		1146E97E29A13A7700420964 /* Localizable.strings in Resources */ = {isa = PBXBuildFile; fileRef = 1146E95029A13A7600420964 /* Localizable.strings */; };
		1146E97F29A13A7700420964 /* ConfigReader.swift in Sources */ = {isa = PBXBuildFile; fileRef = 1146E95429A13A7600420964 /* ConfigReader.swift */; };
		1146E98029A13A7700420964 /* ConfigurationDev.plist in Resources */ = {isa = PBXBuildFile; fileRef = 1146E95629A13A7600420964 /* ConfigurationDev.plist */; };
		1146E98129A13A7700420964 /* ConfigurationQA.plist in Resources */ = {isa = PBXBuildFile; fileRef = 1146E95829A13A7600420964 /* ConfigurationQA.plist */; };
		1146E98229A13A7700420964 /* ConfigurationManager.swift in Sources */ = {isa = PBXBuildFile; fileRef = 1146E95929A13A7600420964 /* ConfigurationManager.swift */; };
		1146E98329A13A7700420964 /* ConfigurationProd.plist in Resources */ = {isa = PBXBuildFile; fileRef = 1146E95B29A13A7600420964 /* ConfigurationProd.plist */; };
		1146E98529A13A7700420964 /* AppError-Model.swift in Sources */ = {isa = PBXBuildFile; fileRef = 1146E96029A13A7600420964 /* AppError-Model.swift */; };
		1146E98929A13A7700420964 /* String-Extension.swift in Sources */ = {isa = PBXBuildFile; fileRef = 1146E96529A13A7600420964 /* String-Extension.swift */; };
		1146E98A29A13A7700420964 /* UIImpactFeedBack.swift in Sources */ = {isa = PBXBuildFile; fileRef = 1146E96829A13A7600420964 /* UIImpactFeedBack.swift */; };
		1146E99B29A1452F00420964 /* AnalyticsEvent.swift in Sources */ = {isa = PBXBuildFile; fileRef = 1146E99A29A1452F00420964 /* AnalyticsEvent.swift */; };
		1146E99E29A14AA700420964 /* CloudKitAnalyticsEngine.swift in Sources */ = {isa = PBXBuildFile; fileRef = 1146E99D29A14AA700420964 /* CloudKitAnalyticsEngine.swift */; };
		1146E9A029A14AB600420964 /* FirebaseAnalyticsEngine.swift in Sources */ = {isa = PBXBuildFile; fileRef = 1146E99F29A14AB600420964 /* FirebaseAnalyticsEngine.swift */; };
		1191FAA429A93BBB00790D05 /* EmptyResultView.swift in Sources */ = {isa = PBXBuildFile; fileRef = 1191FA9E29A93BBB00790D05 /* EmptyResultView.swift */; };
		1191FAB429A944D700790D05 /* MeViewModel.swift in Sources */ = {isa = PBXBuildFile; fileRef = 1191FAA929A944D700790D05 /* MeViewModel.swift */; };
		1191FAB829A944D700790D05 /* Me.swift in Sources */ = {isa = PBXBuildFile; fileRef = 1191FAB129A944D700790D05 /* Me.swift */; };
		1191FAB929A944D700790D05 /* MeView.swift in Sources */ = {isa = PBXBuildFile; fileRef = 1191FAB329A944D700790D05 /* MeView.swift */; };
		11B10BB529ABC44B002F59E8 /* ConfettiSwiftUI in Frameworks */ = {isa = PBXBuildFile; productRef = 11B10BB429ABC44B002F59E8 /* ConfettiSwiftUI */; };
		11C7CA8F29A8028D00B4EE29 /* StyleGuide.swift in Sources */ = {isa = PBXBuildFile; fileRef = 11C7CA8E29A8028D00B4EE29 /* StyleGuide.swift */; };
		11C7CAAF29A80A2600B4EE29 /* Animation-Extension.swift in Sources */ = {isa = PBXBuildFile; fileRef = 11C7CAAE29A80A2600B4EE29 /* Animation-Extension.swift */; };
		11CE62FA29AA56D2003BEC36 /* LaunchScreenViewModelTests.swift in Sources */ = {isa = PBXBuildFile; fileRef = 11CE62F929AA56D2003BEC36 /* LaunchScreenViewModelTests.swift */; };
		11CE62FE29AA5CB5003BEC36 /* ProductsViewModelTests.swift in Sources */ = {isa = PBXBuildFile; fileRef = 11CE62FD29AA5CB5003BEC36 /* ProductsViewModelTests.swift */; };
		11CE630129AA6BB4003BEC36 /* Products-Moks.swift in Sources */ = {isa = PBXBuildFile; fileRef = 11CE630029AA6BB4003BEC36 /* Products-Moks.swift */; };
		11CE630529AA80B9003BEC36 /* ProductDetailViewModelTests.swift in Sources */ = {isa = PBXBuildFile; fileRef = 11CE630429AA80B9003BEC36 /* ProductDetailViewModelTests.swift */; };
		11CE630729AA8EF1003BEC36 /* CartViewModelTests.swift in Sources */ = {isa = PBXBuildFile; fileRef = 11CE630629AA8EF1003BEC36 /* CartViewModelTests.swift */; };
		11E746C229AA390F0083EC75 /* ProductDetailViewModel.swift in Sources */ = {isa = PBXBuildFile; fileRef = 11E7466D29AA390F0083EC75 /* ProductDetailViewModel.swift */; };
		11E746C329AA390F0083EC75 /* ProductDetailView.swift in Sources */ = {isa = PBXBuildFile; fileRef = 11E7466F29AA390F0083EC75 /* ProductDetailView.swift */; };
		11E746C429AA390F0083EC75 /* ProductDetail_Mocks.swift in Sources */ = {isa = PBXBuildFile; fileRef = 11E7467229AA390F0083EC75 /* ProductDetail_Mocks.swift */; };
		11E746C529AA390F0083EC75 /* ProductDetailServer.swift in Sources */ = {isa = PBXBuildFile; fileRef = 11E7467429AA390F0083EC75 /* ProductDetailServer.swift */; };
		11E746C629AA390F0083EC75 /* ProductDetailLocal.swift in Sources */ = {isa = PBXBuildFile; fileRef = 11E7467629AA390F0083EC75 /* ProductDetailLocal.swift */; };
		11E746C729AA390F0083EC75 /* FirebaseAnalyticsProductDetailTracker.swift in Sources */ = {isa = PBXBuildFile; fileRef = 11E7467829AA390F0083EC75 /* FirebaseAnalyticsProductDetailTracker.swift */; };
		11E746C829AA390F0083EC75 /* ProductDetailRepository.swift in Sources */ = {isa = PBXBuildFile; fileRef = 11E7467B29AA390F0083EC75 /* ProductDetailRepository.swift */; };
		11E746C929AA390F0083EC75 /* ProductDetailUseCasesOutput.swift in Sources */ = {isa = PBXBuildFile; fileRef = 11E7467D29AA390F0083EC75 /* ProductDetailUseCasesOutput.swift */; };
		11E746CA29AA390F0083EC75 /* ProductDetailUseCasesFactory.swift in Sources */ = {isa = PBXBuildFile; fileRef = 11E7467E29AA390F0083EC75 /* ProductDetailUseCasesFactory.swift */; };
		11E746CB29AA390F0083EC75 /* ProductDetailUseCases.swift in Sources */ = {isa = PBXBuildFile; fileRef = 11E7467F29AA390F0083EC75 /* ProductDetailUseCases.swift */; };
		11E746CC29AA390F0083EC75 /* ProductsViewModel.swift in Sources */ = {isa = PBXBuildFile; fileRef = 11E7468329AA390F0083EC75 /* ProductsViewModel.swift */; };
		11E746CD29AA390F0083EC75 /* ProductsView.swift in Sources */ = {isa = PBXBuildFile; fileRef = 11E7468529AA390F0083EC75 /* ProductsView.swift */; };
		11E746CE29AA390F0083EC75 /* Products_Mocks.swift in Sources */ = {isa = PBXBuildFile; fileRef = 11E7468829AA390F0083EC75 /* Products_Mocks.swift */; };
		11E746CF29AA390F0083EC75 /* ProductsServer.swift in Sources */ = {isa = PBXBuildFile; fileRef = 11E7468A29AA390F0083EC75 /* ProductsServer.swift */; };
		11E746D029AA390F0083EC75 /* ProductsLocal.swift in Sources */ = {isa = PBXBuildFile; fileRef = 11E7468C29AA390F0083EC75 /* ProductsLocal.swift */; };
		11E746D129AA390F0083EC75 /* FirebaseAnalyticsProductsTracker.swift in Sources */ = {isa = PBXBuildFile; fileRef = 11E7468E29AA390F0083EC75 /* FirebaseAnalyticsProductsTracker.swift */; };
		11E746D229AA390F0083EC75 /* ProductsRepository.swift in Sources */ = {isa = PBXBuildFile; fileRef = 11E7469129AA390F0083EC75 /* ProductsRepository.swift */; };
		11E746D329AA390F0083EC75 /* ProductsUseCases.swift in Sources */ = {isa = PBXBuildFile; fileRef = 11E7469329AA390F0083EC75 /* ProductsUseCases.swift */; };
		11E746D429AA390F0083EC75 /* ProductsUseCasesFactory.swift in Sources */ = {isa = PBXBuildFile; fileRef = 11E7469429AA390F0083EC75 /* ProductsUseCasesFactory.swift */; };
		11E746D529AA390F0083EC75 /* ProductsUseCasesOutput.swift in Sources */ = {isa = PBXBuildFile; fileRef = 11E7469529AA390F0083EC75 /* ProductsUseCasesOutput.swift */; };
		11E746D629AA390F0083EC75 /* LaunchScreenViewModel.swift in Sources */ = {isa = PBXBuildFile; fileRef = 11E7469929AA390F0083EC75 /* LaunchScreenViewModel.swift */; };
		11E746D729AA390F0083EC75 /* LaunchScreenView.swift in Sources */ = {isa = PBXBuildFile; fileRef = 11E7469B29AA390F0083EC75 /* LaunchScreenView.swift */; };
		11E746D829AA390F0083EC75 /* LaunchScreen_Mocks.swift in Sources */ = {isa = PBXBuildFile; fileRef = 11E7469E29AA390F0083EC75 /* LaunchScreen_Mocks.swift */; };
		11E746D929AA390F0083EC75 /* LaunchScreenServer.swift in Sources */ = {isa = PBXBuildFile; fileRef = 11E746A029AA390F0083EC75 /* LaunchScreenServer.swift */; };
		11E746DA29AA390F0083EC75 /* LaunchScreenLocal.swift in Sources */ = {isa = PBXBuildFile; fileRef = 11E746A229AA390F0083EC75 /* LaunchScreenLocal.swift */; };
		11E746DB29AA390F0083EC75 /* FirebaseAnalyticsLaunchScreenTracker.swift in Sources */ = {isa = PBXBuildFile; fileRef = 11E746A429AA390F0083EC75 /* FirebaseAnalyticsLaunchScreenTracker.swift */; };
		11E746DC29AA390F0083EC75 /* LaunchScreenRepository.swift in Sources */ = {isa = PBXBuildFile; fileRef = 11E746A729AA390F0083EC75 /* LaunchScreenRepository.swift */; };
		11E746DD29AA390F0083EC75 /* LaunchScreenUseCasesOutput.swift in Sources */ = {isa = PBXBuildFile; fileRef = 11E746A929AA390F0083EC75 /* LaunchScreenUseCasesOutput.swift */; };
		11E746DE29AA390F0083EC75 /* LaunchScreenUseCases.swift in Sources */ = {isa = PBXBuildFile; fileRef = 11E746AA29AA390F0083EC75 /* LaunchScreenUseCases.swift */; };
		11E746DF29AA390F0083EC75 /* LaunchScreenUseCasesFactory.swift in Sources */ = {isa = PBXBuildFile; fileRef = 11E746AB29AA390F0083EC75 /* LaunchScreenUseCasesFactory.swift */; };
		11E746E029AA390F0083EC75 /* CartViewModel.swift in Sources */ = {isa = PBXBuildFile; fileRef = 11E746AF29AA390F0083EC75 /* CartViewModel.swift */; };
		11E746E129AA390F0083EC75 /* CartView.swift in Sources */ = {isa = PBXBuildFile; fileRef = 11E746B129AA390F0083EC75 /* CartView.swift */; };
		11E746E229AA390F0083EC75 /* Cart_Mocks.swift in Sources */ = {isa = PBXBuildFile; fileRef = 11E746B429AA390F0083EC75 /* Cart_Mocks.swift */; };
		11E746E329AA390F0083EC75 /* CartServer.swift in Sources */ = {isa = PBXBuildFile; fileRef = 11E746B629AA390F0083EC75 /* CartServer.swift */; };
		11E746E429AA390F0083EC75 /* CartLocal.swift in Sources */ = {isa = PBXBuildFile; fileRef = 11E746B829AA390F0083EC75 /* CartLocal.swift */; };
		11E746E529AA390F0083EC75 /* FirebaseAnalyticsCartTracker.swift in Sources */ = {isa = PBXBuildFile; fileRef = 11E746BA29AA390F0083EC75 /* FirebaseAnalyticsCartTracker.swift */; };
		11E746E629AA390F0083EC75 /* CartRepository.swift in Sources */ = {isa = PBXBuildFile; fileRef = 11E746BD29AA390F0083EC75 /* CartRepository.swift */; };
		11E746E729AA390F0083EC75 /* CartUseCases.swift in Sources */ = {isa = PBXBuildFile; fileRef = 11E746BF29AA390F0083EC75 /* CartUseCases.swift */; };
		11E746E829AA390F0083EC75 /* CartUseCasesFactory.swift in Sources */ = {isa = PBXBuildFile; fileRef = 11E746C029AA390F0083EC75 /* CartUseCasesFactory.swift */; };
		11E746E929AA390F0083EC75 /* CartUseCasesOutput.swift in Sources */ = {isa = PBXBuildFile; fileRef = 11E746C129AA390F0083EC75 /* CartUseCasesOutput.swift */; };
		11F3D59829AACA3700D0F812 /* Promotions-Helper.swift in Sources */ = {isa = PBXBuildFile; fileRef = 11F3D59729AACA3700D0F812 /* Promotions-Helper.swift */; };
/* End PBXBuildFile section */

/* Begin PBXContainerItemProxy section */
		1146E8DC29A1312400420964 /* PBXContainerItemProxy */ = {
			isa = PBXContainerItemProxy;
			containerPortal = 1146E8C329A1312300420964 /* Project object */;
			proxyType = 1;
			remoteGlobalIDString = 1146E8CA29A1312300420964;
			remoteInfo = CabifyChallenge;
		};
		1146E8E629A1312400420964 /* PBXContainerItemProxy */ = {
			isa = PBXContainerItemProxy;
			containerPortal = 1146E8C329A1312300420964 /* Project object */;
			proxyType = 1;
			remoteGlobalIDString = 1146E8CA29A1312300420964;
			remoteInfo = CabifyChallenge;
		};
/* End PBXContainerItemProxy section */

/* Begin PBXFileReference section */
		110AD9DD29A8221100E3519F /* CartButtonView.swift */ = {isa = PBXFileReference; fileEncoding = 4; lastKnownFileType = sourcecode.swift; path = CartButtonView.swift; sourceTree = "<group>"; };
		110AD9E629A822BD00E3519F /* ExpButton.swift */ = {isa = PBXFileReference; lastKnownFileType = sourcecode.swift; path = ExpButton.swift; sourceTree = "<group>"; };
		110AD9F729A8249E00E3519F /* ProductCell.swift */ = {isa = PBXFileReference; fileEncoding = 4; lastKnownFileType = sourcecode.swift; path = ProductCell.swift; sourceTree = "<group>"; };
		110AD9FF29A8262900E3519F /* PreferencesKey.swift */ = {isa = PBXFileReference; lastKnownFileType = sourcecode.swift; path = PreferencesKey.swift; sourceTree = "<group>"; };
		110ADA0129A8274500E3519F /* Product-Model.swift */ = {isa = PBXFileReference; lastKnownFileType = sourcecode.swift; path = "Product-Model.swift"; sourceTree = "<group>"; };
		110ADA1229A82CA200E3519F /* AddToCartButtonView.swift */ = {isa = PBXFileReference; fileEncoding = 4; lastKnownFileType = sourcecode.swift; path = AddToCartButtonView.swift; sourceTree = "<group>"; };
		110ADA2729A82EAB00E3519F /* CartProductCell.swift */ = {isa = PBXFileReference; fileEncoding = 4; lastKnownFileType = sourcecode.swift; path = CartProductCell.swift; sourceTree = "<group>"; };
		110ADA3C29A82ED800E3519F /* PayButtonView.swift */ = {isa = PBXFileReference; fileEncoding = 4; lastKnownFileType = sourcecode.swift; path = PayButtonView.swift; sourceTree = "<group>"; };
		110ADA5129A8376D00E3519F /* BackButtonView.swift */ = {isa = PBXFileReference; fileEncoding = 4; lastKnownFileType = sourcecode.swift; path = BackButtonView.swift; sourceTree = "<group>"; };
		1113A3702AF68E60009B9AE5 /* Endpoint.swift */ = {isa = PBXFileReference; lastKnownFileType = sourcecode.swift; path = Endpoint.swift; sourceTree = "<group>"; };
		1146E8CB29A1312300420964 /* CabifyChallenge.app */ = {isa = PBXFileReference; explicitFileType = wrapper.application; includeInIndex = 0; path = CabifyChallenge.app; sourceTree = BUILT_PRODUCTS_DIR; };
		1146E8CE29A1312300420964 /* CabifyChallengeApp.swift */ = {isa = PBXFileReference; lastKnownFileType = sourcecode.swift; path = CabifyChallengeApp.swift; sourceTree = "<group>"; };
		1146E8D229A1312400420964 /* Assets.xcassets */ = {isa = PBXFileReference; lastKnownFileType = folder.assetcatalog; path = Assets.xcassets; sourceTree = "<group>"; };
		1146E8D529A1312400420964 /* Preview Assets.xcassets */ = {isa = PBXFileReference; lastKnownFileType = folder.assetcatalog; path = "Preview Assets.xcassets"; sourceTree = "<group>"; };
		1146E8DB29A1312400420964 /* CabifyChallengeTests.xctest */ = {isa = PBXFileReference; explicitFileType = wrapper.cfbundle; includeInIndex = 0; path = CabifyChallengeTests.xctest; sourceTree = BUILT_PRODUCTS_DIR; };
		1146E8E529A1312400420964 /* CabifyChallengeUITests.xctest */ = {isa = PBXFileReference; explicitFileType = wrapper.cfbundle; includeInIndex = 0; path = CabifyChallengeUITests.xctest; sourceTree = BUILT_PRODUCTS_DIR; };
		1146E8E929A1312400420964 /* CabifyChallengeUITests.swift */ = {isa = PBXFileReference; lastKnownFileType = sourcecode.swift; path = CabifyChallengeUITests.swift; sourceTree = "<group>"; };
		1146E8EB29A1312400420964 /* CabifyChallengeUITestsLaunchTests.swift */ = {isa = PBXFileReference; lastKnownFileType = sourcecode.swift; path = CabifyChallengeUITestsLaunchTests.swift; sourceTree = "<group>"; };
		1146E95129A13A7600420964 /* en */ = {isa = PBXFileReference; lastKnownFileType = text.plist.strings; name = en; path = en.lproj/Localizable.strings; sourceTree = "<group>"; };
		1146E95229A13A7600420964 /* es */ = {isa = PBXFileReference; lastKnownFileType = text.plist.strings; name = es; path = es.lproj/Localizable.strings; sourceTree = "<group>"; };
		1146E95429A13A7600420964 /* ConfigReader.swift */ = {isa = PBXFileReference; fileEncoding = 4; lastKnownFileType = sourcecode.swift; path = ConfigReader.swift; sourceTree = "<group>"; };
		1146E95629A13A7600420964 /* ConfigurationDev.plist */ = {isa = PBXFileReference; fileEncoding = 4; lastKnownFileType = text.plist.xml; path = ConfigurationDev.plist; sourceTree = "<group>"; };
		1146E95829A13A7600420964 /* ConfigurationQA.plist */ = {isa = PBXFileReference; fileEncoding = 4; lastKnownFileType = text.plist.xml; path = ConfigurationQA.plist; sourceTree = "<group>"; };
		1146E95929A13A7600420964 /* ConfigurationManager.swift */ = {isa = PBXFileReference; fileEncoding = 4; lastKnownFileType = sourcecode.swift; path = ConfigurationManager.swift; sourceTree = "<group>"; };
		1146E95B29A13A7600420964 /* ConfigurationProd.plist */ = {isa = PBXFileReference; fileEncoding = 4; lastKnownFileType = text.plist.xml; path = ConfigurationProd.plist; sourceTree = "<group>"; };
		1146E96029A13A7600420964 /* AppError-Model.swift */ = {isa = PBXFileReference; fileEncoding = 4; lastKnownFileType = sourcecode.swift; path = "AppError-Model.swift"; sourceTree = "<group>"; };
		1146E96529A13A7600420964 /* String-Extension.swift */ = {isa = PBXFileReference; fileEncoding = 4; lastKnownFileType = sourcecode.swift; path = "String-Extension.swift"; sourceTree = "<group>"; };
		1146E96829A13A7600420964 /* UIImpactFeedBack.swift */ = {isa = PBXFileReference; fileEncoding = 4; lastKnownFileType = sourcecode.swift; path = UIImpactFeedBack.swift; sourceTree = "<group>"; };
		1146E99A29A1452F00420964 /* AnalyticsEvent.swift */ = {isa = PBXFileReference; lastKnownFileType = sourcecode.swift; path = AnalyticsEvent.swift; sourceTree = "<group>"; };
		1146E99D29A14AA700420964 /* CloudKitAnalyticsEngine.swift */ = {isa = PBXFileReference; lastKnownFileType = sourcecode.swift; path = CloudKitAnalyticsEngine.swift; sourceTree = "<group>"; };
		1146E99F29A14AB600420964 /* FirebaseAnalyticsEngine.swift */ = {isa = PBXFileReference; lastKnownFileType = sourcecode.swift; path = FirebaseAnalyticsEngine.swift; sourceTree = "<group>"; };
		1191FA9E29A93BBB00790D05 /* EmptyResultView.swift */ = {isa = PBXFileReference; fileEncoding = 4; lastKnownFileType = sourcecode.swift; path = EmptyResultView.swift; sourceTree = "<group>"; };
		1191FAA929A944D700790D05 /* MeViewModel.swift */ = {isa = PBXFileReference; fileEncoding = 4; lastKnownFileType = sourcecode.swift; path = MeViewModel.swift; sourceTree = "<group>"; };
		1191FAB129A944D700790D05 /* Me.swift */ = {isa = PBXFileReference; fileEncoding = 4; lastKnownFileType = sourcecode.swift; path = Me.swift; sourceTree = "<group>"; };
		1191FAB329A944D700790D05 /* MeView.swift */ = {isa = PBXFileReference; fileEncoding = 4; lastKnownFileType = sourcecode.swift; path = MeView.swift; sourceTree = "<group>"; };
		11C7CA8E29A8028D00B4EE29 /* StyleGuide.swift */ = {isa = PBXFileReference; lastKnownFileType = sourcecode.swift; path = StyleGuide.swift; sourceTree = "<group>"; };
		11C7CAAE29A80A2600B4EE29 /* Animation-Extension.swift */ = {isa = PBXFileReference; lastKnownFileType = sourcecode.swift; path = "Animation-Extension.swift"; sourceTree = "<group>"; };
		11CE62F929AA56D2003BEC36 /* LaunchScreenViewModelTests.swift */ = {isa = PBXFileReference; lastKnownFileType = sourcecode.swift; path = LaunchScreenViewModelTests.swift; sourceTree = "<group>"; };
		11CE62FD29AA5CB5003BEC36 /* ProductsViewModelTests.swift */ = {isa = PBXFileReference; lastKnownFileType = sourcecode.swift; path = ProductsViewModelTests.swift; sourceTree = "<group>"; };
		11CE630029AA6BB4003BEC36 /* Products-Moks.swift */ = {isa = PBXFileReference; lastKnownFileType = sourcecode.swift; path = "Products-Moks.swift"; sourceTree = "<group>"; };
		11CE630429AA80B9003BEC36 /* ProductDetailViewModelTests.swift */ = {isa = PBXFileReference; lastKnownFileType = sourcecode.swift; path = ProductDetailViewModelTests.swift; sourceTree = "<group>"; };
		11CE630629AA8EF1003BEC36 /* CartViewModelTests.swift */ = {isa = PBXFileReference; lastKnownFileType = sourcecode.swift; path = CartViewModelTests.swift; sourceTree = "<group>"; };
		11E7466D29AA390F0083EC75 /* ProductDetailViewModel.swift */ = {isa = PBXFileReference; fileEncoding = 4; lastKnownFileType = sourcecode.swift; path = ProductDetailViewModel.swift; sourceTree = "<group>"; };
		11E7466F29AA390F0083EC75 /* ProductDetailView.swift */ = {isa = PBXFileReference; fileEncoding = 4; lastKnownFileType = sourcecode.swift; path = ProductDetailView.swift; sourceTree = "<group>"; };
		11E7467229AA390F0083EC75 /* ProductDetail_Mocks.swift */ = {isa = PBXFileReference; fileEncoding = 4; lastKnownFileType = sourcecode.swift; path = ProductDetail_Mocks.swift; sourceTree = "<group>"; };
		11E7467429AA390F0083EC75 /* ProductDetailServer.swift */ = {isa = PBXFileReference; fileEncoding = 4; lastKnownFileType = sourcecode.swift; path = ProductDetailServer.swift; sourceTree = "<group>"; };
		11E7467629AA390F0083EC75 /* ProductDetailLocal.swift */ = {isa = PBXFileReference; fileEncoding = 4; lastKnownFileType = sourcecode.swift; path = ProductDetailLocal.swift; sourceTree = "<group>"; };
		11E7467829AA390F0083EC75 /* FirebaseAnalyticsProductDetailTracker.swift */ = {isa = PBXFileReference; fileEncoding = 4; lastKnownFileType = sourcecode.swift; path = FirebaseAnalyticsProductDetailTracker.swift; sourceTree = "<group>"; };
		11E7467B29AA390F0083EC75 /* ProductDetailRepository.swift */ = {isa = PBXFileReference; fileEncoding = 4; lastKnownFileType = sourcecode.swift; path = ProductDetailRepository.swift; sourceTree = "<group>"; };
		11E7467D29AA390F0083EC75 /* ProductDetailUseCasesOutput.swift */ = {isa = PBXFileReference; fileEncoding = 4; lastKnownFileType = sourcecode.swift; path = ProductDetailUseCasesOutput.swift; sourceTree = "<group>"; };
		11E7467E29AA390F0083EC75 /* ProductDetailUseCasesFactory.swift */ = {isa = PBXFileReference; fileEncoding = 4; lastKnownFileType = sourcecode.swift; path = ProductDetailUseCasesFactory.swift; sourceTree = "<group>"; };
		11E7467F29AA390F0083EC75 /* ProductDetailUseCases.swift */ = {isa = PBXFileReference; fileEncoding = 4; lastKnownFileType = sourcecode.swift; path = ProductDetailUseCases.swift; sourceTree = "<group>"; };
		11E7468329AA390F0083EC75 /* ProductsViewModel.swift */ = {isa = PBXFileReference; fileEncoding = 4; lastKnownFileType = sourcecode.swift; path = ProductsViewModel.swift; sourceTree = "<group>"; };
		11E7468529AA390F0083EC75 /* ProductsView.swift */ = {isa = PBXFileReference; fileEncoding = 4; lastKnownFileType = sourcecode.swift; path = ProductsView.swift; sourceTree = "<group>"; };
		11E7468829AA390F0083EC75 /* Products_Mocks.swift */ = {isa = PBXFileReference; fileEncoding = 4; lastKnownFileType = sourcecode.swift; path = Products_Mocks.swift; sourceTree = "<group>"; };
		11E7468A29AA390F0083EC75 /* ProductsServer.swift */ = {isa = PBXFileReference; fileEncoding = 4; lastKnownFileType = sourcecode.swift; path = ProductsServer.swift; sourceTree = "<group>"; };
		11E7468C29AA390F0083EC75 /* ProductsLocal.swift */ = {isa = PBXFileReference; fileEncoding = 4; lastKnownFileType = sourcecode.swift; path = ProductsLocal.swift; sourceTree = "<group>"; };
		11E7468E29AA390F0083EC75 /* FirebaseAnalyticsProductsTracker.swift */ = {isa = PBXFileReference; fileEncoding = 4; lastKnownFileType = sourcecode.swift; path = FirebaseAnalyticsProductsTracker.swift; sourceTree = "<group>"; };
		11E7469129AA390F0083EC75 /* ProductsRepository.swift */ = {isa = PBXFileReference; fileEncoding = 4; lastKnownFileType = sourcecode.swift; path = ProductsRepository.swift; sourceTree = "<group>"; };
		11E7469329AA390F0083EC75 /* ProductsUseCases.swift */ = {isa = PBXFileReference; fileEncoding = 4; lastKnownFileType = sourcecode.swift; path = ProductsUseCases.swift; sourceTree = "<group>"; };
		11E7469429AA390F0083EC75 /* ProductsUseCasesFactory.swift */ = {isa = PBXFileReference; fileEncoding = 4; lastKnownFileType = sourcecode.swift; path = ProductsUseCasesFactory.swift; sourceTree = "<group>"; };
		11E7469529AA390F0083EC75 /* ProductsUseCasesOutput.swift */ = {isa = PBXFileReference; fileEncoding = 4; lastKnownFileType = sourcecode.swift; path = ProductsUseCasesOutput.swift; sourceTree = "<group>"; };
		11E7469929AA390F0083EC75 /* LaunchScreenViewModel.swift */ = {isa = PBXFileReference; fileEncoding = 4; lastKnownFileType = sourcecode.swift; path = LaunchScreenViewModel.swift; sourceTree = "<group>"; };
		11E7469B29AA390F0083EC75 /* LaunchScreenView.swift */ = {isa = PBXFileReference; fileEncoding = 4; lastKnownFileType = sourcecode.swift; path = LaunchScreenView.swift; sourceTree = "<group>"; };
		11E7469E29AA390F0083EC75 /* LaunchScreen_Mocks.swift */ = {isa = PBXFileReference; fileEncoding = 4; lastKnownFileType = sourcecode.swift; path = LaunchScreen_Mocks.swift; sourceTree = "<group>"; };
		11E746A029AA390F0083EC75 /* LaunchScreenServer.swift */ = {isa = PBXFileReference; fileEncoding = 4; lastKnownFileType = sourcecode.swift; path = LaunchScreenServer.swift; sourceTree = "<group>"; };
		11E746A229AA390F0083EC75 /* LaunchScreenLocal.swift */ = {isa = PBXFileReference; fileEncoding = 4; lastKnownFileType = sourcecode.swift; path = LaunchScreenLocal.swift; sourceTree = "<group>"; };
		11E746A429AA390F0083EC75 /* FirebaseAnalyticsLaunchScreenTracker.swift */ = {isa = PBXFileReference; fileEncoding = 4; lastKnownFileType = sourcecode.swift; path = FirebaseAnalyticsLaunchScreenTracker.swift; sourceTree = "<group>"; };
		11E746A729AA390F0083EC75 /* LaunchScreenRepository.swift */ = {isa = PBXFileReference; fileEncoding = 4; lastKnownFileType = sourcecode.swift; path = LaunchScreenRepository.swift; sourceTree = "<group>"; };
		11E746A929AA390F0083EC75 /* LaunchScreenUseCasesOutput.swift */ = {isa = PBXFileReference; fileEncoding = 4; lastKnownFileType = sourcecode.swift; path = LaunchScreenUseCasesOutput.swift; sourceTree = "<group>"; };
		11E746AA29AA390F0083EC75 /* LaunchScreenUseCases.swift */ = {isa = PBXFileReference; fileEncoding = 4; lastKnownFileType = sourcecode.swift; path = LaunchScreenUseCases.swift; sourceTree = "<group>"; };
		11E746AB29AA390F0083EC75 /* LaunchScreenUseCasesFactory.swift */ = {isa = PBXFileReference; fileEncoding = 4; lastKnownFileType = sourcecode.swift; path = LaunchScreenUseCasesFactory.swift; sourceTree = "<group>"; };
		11E746AF29AA390F0083EC75 /* CartViewModel.swift */ = {isa = PBXFileReference; fileEncoding = 4; lastKnownFileType = sourcecode.swift; path = CartViewModel.swift; sourceTree = "<group>"; };
		11E746B129AA390F0083EC75 /* CartView.swift */ = {isa = PBXFileReference; fileEncoding = 4; lastKnownFileType = sourcecode.swift; path = CartView.swift; sourceTree = "<group>"; };
		11E746B429AA390F0083EC75 /* Cart_Mocks.swift */ = {isa = PBXFileReference; fileEncoding = 4; lastKnownFileType = sourcecode.swift; path = Cart_Mocks.swift; sourceTree = "<group>"; };
		11E746B629AA390F0083EC75 /* CartServer.swift */ = {isa = PBXFileReference; fileEncoding = 4; lastKnownFileType = sourcecode.swift; path = CartServer.swift; sourceTree = "<group>"; };
		11E746B829AA390F0083EC75 /* CartLocal.swift */ = {isa = PBXFileReference; fileEncoding = 4; lastKnownFileType = sourcecode.swift; path = CartLocal.swift; sourceTree = "<group>"; };
		11E746BA29AA390F0083EC75 /* FirebaseAnalyticsCartTracker.swift */ = {isa = PBXFileReference; fileEncoding = 4; lastKnownFileType = sourcecode.swift; path = FirebaseAnalyticsCartTracker.swift; sourceTree = "<group>"; };
		11E746BD29AA390F0083EC75 /* CartRepository.swift */ = {isa = PBXFileReference; fileEncoding = 4; lastKnownFileType = sourcecode.swift; path = CartRepository.swift; sourceTree = "<group>"; };
		11E746BF29AA390F0083EC75 /* CartUseCases.swift */ = {isa = PBXFileReference; fileEncoding = 4; lastKnownFileType = sourcecode.swift; path = CartUseCases.swift; sourceTree = "<group>"; };
		11E746C029AA390F0083EC75 /* CartUseCasesFactory.swift */ = {isa = PBXFileReference; fileEncoding = 4; lastKnownFileType = sourcecode.swift; path = CartUseCasesFactory.swift; sourceTree = "<group>"; };
		11E746C129AA390F0083EC75 /* CartUseCasesOutput.swift */ = {isa = PBXFileReference; fileEncoding = 4; lastKnownFileType = sourcecode.swift; path = CartUseCasesOutput.swift; sourceTree = "<group>"; };
		11E746EE29AA42CA0083EC75 /* Info.plist */ = {isa = PBXFileReference; lastKnownFileType = text.plist; path = Info.plist; sourceTree = "<group>"; };
		11F3D59729AACA3700D0F812 /* Promotions-Helper.swift */ = {isa = PBXFileReference; lastKnownFileType = sourcecode.swift; path = "Promotions-Helper.swift"; sourceTree = "<group>"; };
/* End PBXFileReference section */

/* Begin PBXFrameworksBuildPhase section */
		1146E8C829A1312300420964 /* Frameworks */ = {
			isa = PBXFrameworksBuildPhase;
			buildActionMask = 2147483647;
			files = (
				1113A36C2AF6863E009B9AE5 /* CoreNetwork in Frameworks */,
				1113A36F2AF68C70009B9AE5 /* CoreUtils in Frameworks */,
				11B10BB529ABC44B002F59E8 /* ConfettiSwiftUI in Frameworks */,
			);
			runOnlyForDeploymentPostprocessing = 0;
		};
		1146E8D829A1312400420964 /* Frameworks */ = {
			isa = PBXFrameworksBuildPhase;
			buildActionMask = 2147483647;
			files = (
			);
			runOnlyForDeploymentPostprocessing = 0;
		};
		1146E8E229A1312400420964 /* Frameworks */ = {
			isa = PBXFrameworksBuildPhase;
			buildActionMask = 2147483647;
			files = (
			);
			runOnlyForDeploymentPostprocessing = 0;
		};
/* End PBXFrameworksBuildPhase section */

/* Begin PBXGroup section */
		110AD9E429A8229100E3519F /* Generic */ = {
			isa = PBXGroup;
			children = (
				110AD9E529A8229C00E3519F /* Buttons */,
			);
			path = Generic;
			sourceTree = "<group>";
		};
		110AD9E529A8229C00E3519F /* Buttons */ = {
			isa = PBXGroup;
			children = (
				110AD9E629A822BD00E3519F /* ExpButton.swift */,
			);
			path = Buttons;
			sourceTree = "<group>";
		};
		110AD9E829A8247400E3519F /* Cards */ = {
			isa = PBXGroup;
			children = (
				110ADA2729A82EAB00E3519F /* CartProductCell.swift */,
				110AD9F729A8249E00E3519F /* ProductCell.swift */,
			);
			path = Cards;
			sourceTree = "<group>";
		};
		110AD9FE29A8261500E3519F /* Preferences Key */ = {
			isa = PBXGroup;
			children = (
				110AD9FF29A8262900E3519F /* PreferencesKey.swift */,
			);
			path = "Preferences Key";
			sourceTree = "<group>";
		};
		1146E8C229A1312300420964 = {
			isa = PBXGroup;
			children = (
				1146E8CD29A1312300420964 /* CabifyChallenge */,
				1146E8DE29A1312400420964 /* CabifyChallengeTests */,
				1146E8E829A1312400420964 /* CabifyChallengeUITests */,
				1146E8CC29A1312300420964 /* Products */,
			);
			sourceTree = "<group>";
		};
		1146E8CC29A1312300420964 /* Products */ = {
			isa = PBXGroup;
			children = (
				1146E8CB29A1312300420964 /* CabifyChallenge.app */,
				1146E8DB29A1312400420964 /* CabifyChallengeTests.xctest */,
				1146E8E529A1312400420964 /* CabifyChallengeUITests.xctest */,
			);
			name = Products;
			sourceTree = "<group>";
		};
		1146E8CD29A1312300420964 /* CabifyChallenge */ = {
			isa = PBXGroup;
			children = (
				11E746EE29AA42CA0083EC75 /* Info.plist */,
				1146E99229A13AD100420964 /* BaseFiles */,
				11E7466129AA388D0083EC75 /* Modules */,
				116F8E1E29AA30CF00B1D30B /* Server */,
				1162E6E829A7E7FD003A8184 /* Shared */,
				1146E94F29A13A7600420964 /* SuportingFiles */,
				1146E99329A13E4E00420964 /* Assets */,
				1146E8D429A1312400420964 /* Preview Content */,
			);
			path = CabifyChallenge;
			sourceTree = "<group>";
		};
		1146E8D429A1312400420964 /* Preview Content */ = {
			isa = PBXGroup;
			children = (
				1146E8D529A1312400420964 /* Preview Assets.xcassets */,
			);
			path = "Preview Content";
			sourceTree = "<group>";
		};
		1146E8DE29A1312400420964 /* CabifyChallengeTests */ = {
			isa = PBXGroup;
			children = (
				11CE62F529AA52BB003BEC36 /* ViewModels */,
			);
			path = CabifyChallengeTests;
			sourceTree = "<group>";
		};
		1146E8E829A1312400420964 /* CabifyChallengeUITests */ = {
			isa = PBXGroup;
			children = (
				1146E8E929A1312400420964 /* CabifyChallengeUITests.swift */,
				1146E8EB29A1312400420964 /* CabifyChallengeUITestsLaunchTests.swift */,
			);
			path = CabifyChallengeUITests;
			sourceTree = "<group>";
		};
		1146E94F29A13A7600420964 /* SuportingFiles */ = {
			isa = PBXGroup;
			children = (
				1146E95329A13A7600420964 /* AppConfig */,
				1146E95029A13A7600420964 /* Localizable.strings */,
			);
			path = SuportingFiles;
			sourceTree = "<group>";
		};
		1146E95329A13A7600420964 /* AppConfig */ = {
			isa = PBXGroup;
			children = (
				1146E95929A13A7600420964 /* ConfigurationManager.swift */,
				1146E95429A13A7600420964 /* ConfigReader.swift */,
				1146E95529A13A7600420964 /* Development */,
				1146E95729A13A7600420964 /* QA */,
				1146E95A29A13A7600420964 /* Production */,
			);
			path = AppConfig;
			sourceTree = "<group>";
		};
		1146E95529A13A7600420964 /* Development */ = {
			isa = PBXGroup;
			children = (
				1146E95629A13A7600420964 /* ConfigurationDev.plist */,
			);
			path = Development;
			sourceTree = "<group>";
		};
		1146E95729A13A7600420964 /* QA */ = {
			isa = PBXGroup;
			children = (
				1146E95829A13A7600420964 /* ConfigurationQA.plist */,
			);
			path = QA;
			sourceTree = "<group>";
		};
		1146E95A29A13A7600420964 /* Production */ = {
			isa = PBXGroup;
			children = (
				1146E95B29A13A7600420964 /* ConfigurationProd.plist */,
			);
			path = Production;
			sourceTree = "<group>";
		};
		1146E95F29A13A7600420964 /* Models */ = {
			isa = PBXGroup;
			children = (
				1146E96029A13A7600420964 /* AppError-Model.swift */,
				110ADA0129A8274500E3519F /* Product-Model.swift */,
			);
			path = Models;
			sourceTree = "<group>";
		};
		1146E96229A13A7600420964 /* Extensions */ = {
			isa = PBXGroup;
			children = (
				1146E96529A13A7600420964 /* String-Extension.swift */,
				11C7CAAE29A80A2600B4EE29 /* Animation-Extension.swift */,
			);
			path = Extensions;
			sourceTree = "<group>";
		};
		1146E96629A13A7600420964 /* Utilities */ = {
			isa = PBXGroup;
			children = (
				11F3D59629AACA0600D0F812 /* PromotionsHelper */,
				1146E96729A13A7600420964 /* UIImpactFeedBack */,
			);
			path = Utilities;
			sourceTree = "<group>";
		};
		1146E96729A13A7600420964 /* UIImpactFeedBack */ = {
			isa = PBXGroup;
			children = (
				1146E96829A13A7600420964 /* UIImpactFeedBack.swift */,
			);
			path = UIImpactFeedBack;
			sourceTree = "<group>";
		};
		1146E96C29A13A7600420964 /* Components */ = {
			isa = PBXGroup;
			children = (
				110AD9E429A8229100E3519F /* Generic */,
				1191FA8F29A93B7B00790D05 /* Alerts */,
				1191FA8E29A93AEC00790D05 /* Buttons */,
			);
			path = Components;
			sourceTree = "<group>";
		};
		1146E99229A13AD100420964 /* BaseFiles */ = {
			isa = PBXGroup;
			children = (
				1146E8CE29A1312300420964 /* CabifyChallengeApp.swift */,
			);
			path = BaseFiles;
			sourceTree = "<group>";
		};
		1146E99329A13E4E00420964 /* Assets */ = {
			isa = PBXGroup;
			children = (
				1146E8D229A1312400420964 /* Assets.xcassets */,
			);
			path = Assets;
			sourceTree = "<group>";
		};
		1146E99929A1451000420964 /* Analytics */ = {
			isa = PBXGroup;
			children = (
				1146E99C29A14A9700420964 /* Engine */,
				1146E99A29A1452F00420964 /* AnalyticsEvent.swift */,
			);
			path = Analytics;
			sourceTree = "<group>";
		};
		1146E99C29A14A9700420964 /* Engine */ = {
			isa = PBXGroup;
			children = (
				1146E99D29A14AA700420964 /* CloudKitAnalyticsEngine.swift */,
				1146E99F29A14AB600420964 /* FirebaseAnalyticsEngine.swift */,
			);
			path = Engine;
			sourceTree = "<group>";
		};
		1162E6E829A7E7FD003A8184 /* Shared */ = {
			isa = PBXGroup;
			children = (
				1146E96C29A13A7600420964 /* Components */,
				110AD9E829A8247400E3519F /* Cards */,
				110AD9FE29A8261500E3519F /* Preferences Key */,
				11C7CA8D29A8027C00B4EE29 /* StyleGuide */,
				1146E95F29A13A7600420964 /* Models */,
				1146E96229A13A7600420964 /* Extensions */,
				1146E96629A13A7600420964 /* Utilities */,
			);
			path = Shared;
			sourceTree = "<group>";
		};
		116F8E1E29AA30CF00B1D30B /* Server */ = {
			isa = PBXGroup;
			children = (
				1146E99929A1451000420964 /* Analytics */,
				1113A3702AF68E60009B9AE5 /* Endpoint.swift */,
			);
			path = Server;
			sourceTree = "<group>";
		};
		1191FA8E29A93AEC00790D05 /* Buttons */ = {
			isa = PBXGroup;
			children = (
				110ADA5129A8376D00E3519F /* BackButtonView.swift */,
				110ADA3C29A82ED800E3519F /* PayButtonView.swift */,
				110ADA1229A82CA200E3519F /* AddToCartButtonView.swift */,
				110AD9DD29A8221100E3519F /* CartButtonView.swift */,
			);
			path = Buttons;
			sourceTree = "<group>";
		};
		1191FA8F29A93B7B00790D05 /* Alerts */ = {
			isa = PBXGroup;
			children = (
				1191FA9E29A93BBB00790D05 /* EmptyResultView.swift */,
			);
			path = Alerts;
			sourceTree = "<group>";
		};
		1191FAA729A944D700790D05 /* Me */ = {
			isa = PBXGroup;
			children = (
				1191FAA829A944D700790D05 /* ViewModel */,
				1191FAB029A944D700790D05 /* Models */,
				1191FAB229A944D700790D05 /* View */,
			);
			path = Me;
			sourceTree = "<group>";
		};
		1191FAA829A944D700790D05 /* ViewModel */ = {
			isa = PBXGroup;
			children = (
				1191FAA929A944D700790D05 /* MeViewModel.swift */,
			);
			path = ViewModel;
			sourceTree = "<group>";
		};
		1191FAB029A944D700790D05 /* Models */ = {
			isa = PBXGroup;
			children = (
				1191FAB129A944D700790D05 /* Me.swift */,
			);
			path = Models;
			sourceTree = "<group>";
		};
		1191FAB229A944D700790D05 /* View */ = {
			isa = PBXGroup;
			children = (
				1191FAB329A944D700790D05 /* MeView.swift */,
			);
			path = View;
			sourceTree = "<group>";
		};
		11C7CA8D29A8027C00B4EE29 /* StyleGuide */ = {
			isa = PBXGroup;
			children = (
				11C7CA8E29A8028D00B4EE29 /* StyleGuide.swift */,
			);
			path = StyleGuide;
			sourceTree = "<group>";
		};
		11CE62F529AA52BB003BEC36 /* ViewModels */ = {
			isa = PBXGroup;
			children = (
				11CE62FF29AA6B8A003BEC36 /* Mocks */,
				11CE62F929AA56D2003BEC36 /* LaunchScreenViewModelTests.swift */,
				11CE62FD29AA5CB5003BEC36 /* ProductsViewModelTests.swift */,
				11CE630429AA80B9003BEC36 /* ProductDetailViewModelTests.swift */,
				11CE630629AA8EF1003BEC36 /* CartViewModelTests.swift */,
			);
			path = ViewModels;
			sourceTree = "<group>";
		};
		11CE62FF29AA6B8A003BEC36 /* Mocks */ = {
			isa = PBXGroup;
			children = (
				11CE630029AA6BB4003BEC36 /* Products-Moks.swift */,
			);
			path = Mocks;
			sourceTree = "<group>";
		};
		11E7466129AA388D0083EC75 /* Modules */ = {
			isa = PBXGroup;
			children = (
				1191FAA729A944D700790D05 /* Me */,
				11E7469629AA390F0083EC75 /* LaunchScreen */,
				11E7468029AA390F0083EC75 /* Products */,
				11E7466A29AA390F0083EC75 /* ProductDetail */,
				11E746AC29AA390F0083EC75 /* Cart */,
			);
			path = Modules;
			sourceTree = "<group>";
		};
		11E7466A29AA390F0083EC75 /* ProductDetail */ = {
			isa = PBXGroup;
			children = (
				11E7466B29AA390F0083EC75 /* UI */,
				11E7467929AA390F0083EC75 /* Domain */,
				11E7467029AA390F0083EC75 /* Data */,
			);
			path = ProductDetail;
			sourceTree = "<group>";
		};
		11E7466B29AA390F0083EC75 /* UI */ = {
			isa = PBXGroup;
			children = (
				11E7466E29AA390F0083EC75 /* View */,
				11E7466C29AA390F0083EC75 /* ViewModel */,
			);
			path = UI;
			sourceTree = "<group>";
		};
		11E7466C29AA390F0083EC75 /* ViewModel */ = {
			isa = PBXGroup;
			children = (
				11E7466D29AA390F0083EC75 /* ProductDetailViewModel.swift */,
			);
			path = ViewModel;
			sourceTree = "<group>";
		};
		11E7466E29AA390F0083EC75 /* View */ = {
			isa = PBXGroup;
			children = (
				11E7466F29AA390F0083EC75 /* ProductDetailView.swift */,
			);
			path = View;
			sourceTree = "<group>";
		};
		11E7467029AA390F0083EC75 /* Data */ = {
			isa = PBXGroup;
			children = (
				11E7467129AA390F0083EC75 /* Mocks */,
				11E7467329AA390F0083EC75 /* Server */,
				11E7467529AA390F0083EC75 /* Local */,
				11E7467729AA390F0083EC75 /* Analytics */,
			);
			path = Data;
			sourceTree = "<group>";
		};
		11E7467129AA390F0083EC75 /* Mocks */ = {
			isa = PBXGroup;
			children = (
				11E7467229AA390F0083EC75 /* ProductDetail_Mocks.swift */,
			);
			path = Mocks;
			sourceTree = "<group>";
		};
		11E7467329AA390F0083EC75 /* Server */ = {
			isa = PBXGroup;
			children = (
				11E7467429AA390F0083EC75 /* ProductDetailServer.swift */,
			);
			path = Server;
			sourceTree = "<group>";
		};
		11E7467529AA390F0083EC75 /* Local */ = {
			isa = PBXGroup;
			children = (
				11E7467629AA390F0083EC75 /* ProductDetailLocal.swift */,
			);
			path = Local;
			sourceTree = "<group>";
		};
		11E7467729AA390F0083EC75 /* Analytics */ = {
			isa = PBXGroup;
			children = (
				11E7467829AA390F0083EC75 /* FirebaseAnalyticsProductDetailTracker.swift */,
			);
			path = Analytics;
			sourceTree = "<group>";
		};
		11E7467929AA390F0083EC75 /* Domain */ = {
			isa = PBXGroup;
			children = (
				11E7467C29AA390F0083EC75 /* UseCases */,
				11E7467A29AA390F0083EC75 /* Repository */,
			);
			path = Domain;
			sourceTree = "<group>";
		};
		11E7467A29AA390F0083EC75 /* Repository */ = {
			isa = PBXGroup;
			children = (
				11E7467B29AA390F0083EC75 /* ProductDetailRepository.swift */,
			);
			path = Repository;
			sourceTree = "<group>";
		};
		11E7467C29AA390F0083EC75 /* UseCases */ = {
			isa = PBXGroup;
			children = (
				11E7467D29AA390F0083EC75 /* ProductDetailUseCasesOutput.swift */,
				11E7467E29AA390F0083EC75 /* ProductDetailUseCasesFactory.swift */,
				11E7467F29AA390F0083EC75 /* ProductDetailUseCases.swift */,
			);
			path = UseCases;
			sourceTree = "<group>";
		};
		11E7468029AA390F0083EC75 /* Products */ = {
			isa = PBXGroup;
			children = (
				11E7468129AA390F0083EC75 /* UI */,
				11E7468F29AA390F0083EC75 /* Domain */,
				11E7468629AA390F0083EC75 /* Data */,
			);
			path = Products;
			sourceTree = "<group>";
		};
		11E7468129AA390F0083EC75 /* UI */ = {
			isa = PBXGroup;
			children = (
				11E7468429AA390F0083EC75 /* View */,
				11E7468229AA390F0083EC75 /* ViewModel */,
			);
			path = UI;
			sourceTree = "<group>";
		};
		11E7468229AA390F0083EC75 /* ViewModel */ = {
			isa = PBXGroup;
			children = (
				11E7468329AA390F0083EC75 /* ProductsViewModel.swift */,
			);
			path = ViewModel;
			sourceTree = "<group>";
		};
		11E7468429AA390F0083EC75 /* View */ = {
			isa = PBXGroup;
			children = (
				11E7468529AA390F0083EC75 /* ProductsView.swift */,
			);
			path = View;
			sourceTree = "<group>";
		};
		11E7468629AA390F0083EC75 /* Data */ = {
			isa = PBXGroup;
			children = (
				11E7468729AA390F0083EC75 /* Mocks */,
				11E7468929AA390F0083EC75 /* Server */,
				11E7468B29AA390F0083EC75 /* Local */,
				11E7468D29AA390F0083EC75 /* Analytics */,
			);
			path = Data;
			sourceTree = "<group>";
		};
		11E7468729AA390F0083EC75 /* Mocks */ = {
			isa = PBXGroup;
			children = (
				11E7468829AA390F0083EC75 /* Products_Mocks.swift */,
			);
			path = Mocks;
			sourceTree = "<group>";
		};
		11E7468929AA390F0083EC75 /* Server */ = {
			isa = PBXGroup;
			children = (
				11E7468A29AA390F0083EC75 /* ProductsServer.swift */,
			);
			path = Server;
			sourceTree = "<group>";
		};
		11E7468B29AA390F0083EC75 /* Local */ = {
			isa = PBXGroup;
			children = (
				11E7468C29AA390F0083EC75 /* ProductsLocal.swift */,
			);
			path = Local;
			sourceTree = "<group>";
		};
		11E7468D29AA390F0083EC75 /* Analytics */ = {
			isa = PBXGroup;
			children = (
				11E7468E29AA390F0083EC75 /* FirebaseAnalyticsProductsTracker.swift */,
			);
			path = Analytics;
			sourceTree = "<group>";
		};
		11E7468F29AA390F0083EC75 /* Domain */ = {
			isa = PBXGroup;
			children = (
				11E7469229AA390F0083EC75 /* UseCases */,
				11E7469029AA390F0083EC75 /* Repository */,
			);
			path = Domain;
			sourceTree = "<group>";
		};
		11E7469029AA390F0083EC75 /* Repository */ = {
			isa = PBXGroup;
			children = (
				11E7469129AA390F0083EC75 /* ProductsRepository.swift */,
			);
			path = Repository;
			sourceTree = "<group>";
		};
		11E7469229AA390F0083EC75 /* UseCases */ = {
			isa = PBXGroup;
			children = (
				11E7469329AA390F0083EC75 /* ProductsUseCases.swift */,
				11E7469429AA390F0083EC75 /* ProductsUseCasesFactory.swift */,
				11E7469529AA390F0083EC75 /* ProductsUseCasesOutput.swift */,
			);
			path = UseCases;
			sourceTree = "<group>";
		};
		11E7469629AA390F0083EC75 /* LaunchScreen */ = {
			isa = PBXGroup;
			children = (
				11E7469729AA390F0083EC75 /* UI */,
				11E746A529AA390F0083EC75 /* Domain */,
				11E7469C29AA390F0083EC75 /* Data */,
			);
			path = LaunchScreen;
			sourceTree = "<group>";
		};
		11E7469729AA390F0083EC75 /* UI */ = {
			isa = PBXGroup;
			children = (
				11E7469A29AA390F0083EC75 /* View */,
				11E7469829AA390F0083EC75 /* ViewModel */,
			);
			path = UI;
			sourceTree = "<group>";
		};
		11E7469829AA390F0083EC75 /* ViewModel */ = {
			isa = PBXGroup;
			children = (
				11E7469929AA390F0083EC75 /* LaunchScreenViewModel.swift */,
			);
			path = ViewModel;
			sourceTree = "<group>";
		};
		11E7469A29AA390F0083EC75 /* View */ = {
			isa = PBXGroup;
			children = (
				11E7469B29AA390F0083EC75 /* LaunchScreenView.swift */,
			);
			path = View;
			sourceTree = "<group>";
		};
		11E7469C29AA390F0083EC75 /* Data */ = {
			isa = PBXGroup;
			children = (
				11E7469D29AA390F0083EC75 /* Mocks */,
				11E7469F29AA390F0083EC75 /* Server */,
				11E746A129AA390F0083EC75 /* Local */,
				11E746A329AA390F0083EC75 /* Analytics */,
			);
			path = Data;
			sourceTree = "<group>";
		};
		11E7469D29AA390F0083EC75 /* Mocks */ = {
			isa = PBXGroup;
			children = (
				11E7469E29AA390F0083EC75 /* LaunchScreen_Mocks.swift */,
			);
			path = Mocks;
			sourceTree = "<group>";
		};
		11E7469F29AA390F0083EC75 /* Server */ = {
			isa = PBXGroup;
			children = (
				11E746A029AA390F0083EC75 /* LaunchScreenServer.swift */,
			);
			path = Server;
			sourceTree = "<group>";
		};
		11E746A129AA390F0083EC75 /* Local */ = {
			isa = PBXGroup;
			children = (
				11E746A229AA390F0083EC75 /* LaunchScreenLocal.swift */,
			);
			path = Local;
			sourceTree = "<group>";
		};
		11E746A329AA390F0083EC75 /* Analytics */ = {
			isa = PBXGroup;
			children = (
				11E746A429AA390F0083EC75 /* FirebaseAnalyticsLaunchScreenTracker.swift */,
			);
			path = Analytics;
			sourceTree = "<group>";
		};
		11E746A529AA390F0083EC75 /* Domain */ = {
			isa = PBXGroup;
			children = (
				11E746A629AA390F0083EC75 /* Repository */,
				11E746A829AA390F0083EC75 /* UseCases */,
			);
			path = Domain;
			sourceTree = "<group>";
		};
		11E746A629AA390F0083EC75 /* Repository */ = {
			isa = PBXGroup;
			children = (
				11E746A729AA390F0083EC75 /* LaunchScreenRepository.swift */,
			);
			path = Repository;
			sourceTree = "<group>";
		};
		11E746A829AA390F0083EC75 /* UseCases */ = {
			isa = PBXGroup;
			children = (
				11E746A929AA390F0083EC75 /* LaunchScreenUseCasesOutput.swift */,
				11E746AA29AA390F0083EC75 /* LaunchScreenUseCases.swift */,
				11E746AB29AA390F0083EC75 /* LaunchScreenUseCasesFactory.swift */,
			);
			path = UseCases;
			sourceTree = "<group>";
		};
		11E746AC29AA390F0083EC75 /* Cart */ = {
			isa = PBXGroup;
			children = (
				11E746AD29AA390F0083EC75 /* UI */,
				11E746BB29AA390F0083EC75 /* Domain */,
				11E746B229AA390F0083EC75 /* Data */,
			);
			path = Cart;
			sourceTree = "<group>";
		};
		11E746AD29AA390F0083EC75 /* UI */ = {
			isa = PBXGroup;
			children = (
				11E746B029AA390F0083EC75 /* View */,
				11E746AE29AA390F0083EC75 /* ViewModel */,
			);
			path = UI;
			sourceTree = "<group>";
		};
		11E746AE29AA390F0083EC75 /* ViewModel */ = {
			isa = PBXGroup;
			children = (
				11E746AF29AA390F0083EC75 /* CartViewModel.swift */,
			);
			path = ViewModel;
			sourceTree = "<group>";
		};
		11E746B029AA390F0083EC75 /* View */ = {
			isa = PBXGroup;
			children = (
				11E746B129AA390F0083EC75 /* CartView.swift */,
			);
			path = View;
			sourceTree = "<group>";
		};
		11E746B229AA390F0083EC75 /* Data */ = {
			isa = PBXGroup;
			children = (
				11E746B329AA390F0083EC75 /* Mocks */,
				11E746B529AA390F0083EC75 /* Server */,
				11E746B729AA390F0083EC75 /* Local */,
				11E746B929AA390F0083EC75 /* Analytics */,
			);
			path = Data;
			sourceTree = "<group>";
		};
		11E746B329AA390F0083EC75 /* Mocks */ = {
			isa = PBXGroup;
			children = (
				11E746B429AA390F0083EC75 /* Cart_Mocks.swift */,
			);
			path = Mocks;
			sourceTree = "<group>";
		};
		11E746B529AA390F0083EC75 /* Server */ = {
			isa = PBXGroup;
			children = (
				11E746B629AA390F0083EC75 /* CartServer.swift */,
			);
			path = Server;
			sourceTree = "<group>";
		};
		11E746B729AA390F0083EC75 /* Local */ = {
			isa = PBXGroup;
			children = (
				11E746B829AA390F0083EC75 /* CartLocal.swift */,
			);
			path = Local;
			sourceTree = "<group>";
		};
		11E746B929AA390F0083EC75 /* Analytics */ = {
			isa = PBXGroup;
			children = (
				11E746BA29AA390F0083EC75 /* FirebaseAnalyticsCartTracker.swift */,
			);
			path = Analytics;
			sourceTree = "<group>";
		};
		11E746BB29AA390F0083EC75 /* Domain */ = {
			isa = PBXGroup;
			children = (
				11E746BE29AA390F0083EC75 /* UseCases */,
				11E746BC29AA390F0083EC75 /* Repository */,
			);
			path = Domain;
			sourceTree = "<group>";
		};
		11E746BC29AA390F0083EC75 /* Repository */ = {
			isa = PBXGroup;
			children = (
				11E746BD29AA390F0083EC75 /* CartRepository.swift */,
			);
			path = Repository;
			sourceTree = "<group>";
		};
		11E746BE29AA390F0083EC75 /* UseCases */ = {
			isa = PBXGroup;
			children = (
				11E746BF29AA390F0083EC75 /* CartUseCases.swift */,
				11E746C029AA390F0083EC75 /* CartUseCasesFactory.swift */,
				11E746C129AA390F0083EC75 /* CartUseCasesOutput.swift */,
			);
			path = UseCases;
			sourceTree = "<group>";
		};
		11F3D59629AACA0600D0F812 /* PromotionsHelper */ = {
			isa = PBXGroup;
			children = (
				11F3D59729AACA3700D0F812 /* Promotions-Helper.swift */,
			);
			path = PromotionsHelper;
			sourceTree = "<group>";
		};
/* End PBXGroup section */

/* Begin PBXNativeTarget section */
		1146E8CA29A1312300420964 /* CabifyChallenge */ = {
			isa = PBXNativeTarget;
			buildConfigurationList = 1146E8EF29A1312400420964 /* Build configuration list for PBXNativeTarget "CabifyChallenge" */;
			buildPhases = (
				1146E8C729A1312300420964 /* Sources */,
				1146E8C829A1312300420964 /* Frameworks */,
				1146E8C929A1312300420964 /* Resources */,
			);
			buildRules = (
			);
			dependencies = (
			);
			name = CabifyChallenge;
			packageProductDependencies = (
				11B10BB429ABC44B002F59E8 /* ConfettiSwiftUI */,
				1113A36B2AF6863E009B9AE5 /* CoreNetwork */,
				1113A36E2AF68C70009B9AE5 /* CoreUtils */,
			);
			productName = CabifyChallenge;
			productReference = 1146E8CB29A1312300420964 /* CabifyChallenge.app */;
			productType = "com.apple.product-type.application";
		};
		1146E8DA29A1312400420964 /* CabifyChallengeTests */ = {
			isa = PBXNativeTarget;
			buildConfigurationList = 1146E8F229A1312400420964 /* Build configuration list for PBXNativeTarget "CabifyChallengeTests" */;
			buildPhases = (
				1146E8D729A1312400420964 /* Sources */,
				1146E8D829A1312400420964 /* Frameworks */,
				1146E8D929A1312400420964 /* Resources */,
			);
			buildRules = (
			);
			dependencies = (
				1146E8DD29A1312400420964 /* PBXTargetDependency */,
			);
			name = CabifyChallengeTests;
			productName = CabifyChallengeTests;
			productReference = 1146E8DB29A1312400420964 /* CabifyChallengeTests.xctest */;
			productType = "com.apple.product-type.bundle.unit-test";
		};
		1146E8E429A1312400420964 /* CabifyChallengeUITests */ = {
			isa = PBXNativeTarget;
			buildConfigurationList = 1146E8F529A1312400420964 /* Build configuration list for PBXNativeTarget "CabifyChallengeUITests" */;
			buildPhases = (
				1146E8E129A1312400420964 /* Sources */,
				1146E8E229A1312400420964 /* Frameworks */,
				1146E8E329A1312400420964 /* Resources */,
			);
			buildRules = (
			);
			dependencies = (
				1146E8E729A1312400420964 /* PBXTargetDependency */,
			);
			name = CabifyChallengeUITests;
			productName = CabifyChallengeUITests;
			productReference = 1146E8E529A1312400420964 /* CabifyChallengeUITests.xctest */;
			productType = "com.apple.product-type.bundle.ui-testing";
		};
/* End PBXNativeTarget section */

/* Begin PBXProject section */
		1146E8C329A1312300420964 /* Project object */ = {
			isa = PBXProject;
			attributes = {
				BuildIndependentTargetsInParallel = 1;
				LastSwiftUpdateCheck = 1420;
				LastUpgradeCheck = 1420;
				TargetAttributes = {
					1146E8CA29A1312300420964 = {
						CreatedOnToolsVersion = 14.2;
					};
					1146E8DA29A1312400420964 = {
						CreatedOnToolsVersion = 14.2;
						TestTargetID = 1146E8CA29A1312300420964;
					};
					1146E8E429A1312400420964 = {
						CreatedOnToolsVersion = 14.2;
						TestTargetID = 1146E8CA29A1312300420964;
					};
				};
			};
			buildConfigurationList = 1146E8C629A1312300420964 /* Build configuration list for PBXProject "CabifyChallenge" */;
			compatibilityVersion = "Xcode 14.0";
			developmentRegion = en;
			hasScannedForEncodings = 0;
			knownRegions = (
				en,
				Base,
				es,
			);
			mainGroup = 1146E8C229A1312300420964;
			packageReferences = (
				11B10BB329ABC44B002F59E8 /* XCRemoteSwiftPackageReference "ConfettiSwiftUI" */,
				1113A36A2AF6863E009B9AE5 /* XCRemoteSwiftPackageReference "CoreNetwork" */,
				1113A36D2AF68C70009B9AE5 /* XCRemoteSwiftPackageReference "CoreUtils" */,
			);
			productRefGroup = 1146E8CC29A1312300420964 /* Products */;
			projectDirPath = "";
			projectRoot = "";
			targets = (
				1146E8CA29A1312300420964 /* CabifyChallenge */,
				1146E8DA29A1312400420964 /* CabifyChallengeTests */,
				1146E8E429A1312400420964 /* CabifyChallengeUITests */,
			);
		};
/* End PBXProject section */

/* Begin PBXResourcesBuildPhase section */
		1146E8C929A1312300420964 /* Resources */ = {
			isa = PBXResourcesBuildPhase;
			buildActionMask = 2147483647;
			files = (
				1146E8D629A1312400420964 /* Preview Assets.xcassets in Resources */,
				1146E97E29A13A7700420964 /* Localizable.strings in Resources */,
				1146E98329A13A7700420964 /* ConfigurationProd.plist in Resources */,
				1146E8D329A1312400420964 /* Assets.xcassets in Resources */,
				1146E98029A13A7700420964 /* ConfigurationDev.plist in Resources */,
				1146E98129A13A7700420964 /* ConfigurationQA.plist in Resources */,
			);
			runOnlyForDeploymentPostprocessing = 0;
		};
		1146E8D929A1312400420964 /* Resources */ = {
			isa = PBXResourcesBuildPhase;
			buildActionMask = 2147483647;
			files = (
			);
			runOnlyForDeploymentPostprocessing = 0;
		};
		1146E8E329A1312400420964 /* Resources */ = {
			isa = PBXResourcesBuildPhase;
			buildActionMask = 2147483647;
			files = (
			);
			runOnlyForDeploymentPostprocessing = 0;
		};
/* End PBXResourcesBuildPhase section */

/* Begin PBXSourcesBuildPhase section */
		1146E8C729A1312300420964 /* Sources */ = {
			isa = PBXSourcesBuildPhase;
			buildActionMask = 2147483647;
			files = (
				1146E99E29A14AA700420964 /* CloudKitAnalyticsEngine.swift in Sources */,
				11E746E729AA390F0083EC75 /* CartUseCases.swift in Sources */,
				11E746C829AA390F0083EC75 /* ProductDetailRepository.swift in Sources */,
				11E746C429AA390F0083EC75 /* ProductDetail_Mocks.swift in Sources */,
				11E746C229AA390F0083EC75 /* ProductDetailViewModel.swift in Sources */,
				11E746C329AA390F0083EC75 /* ProductDetailView.swift in Sources */,
				11E746DE29AA390F0083EC75 /* LaunchScreenUseCases.swift in Sources */,
				11F3D59829AACA3700D0F812 /* Promotions-Helper.swift in Sources */,
				110AD9FD29A8249E00E3519F /* ProductCell.swift in Sources */,
				11E746CB29AA390F0083EC75 /* ProductDetailUseCases.swift in Sources */,
				11E746D329AA390F0083EC75 /* ProductsUseCases.swift in Sources */,
				110ADA0229A8274500E3519F /* Product-Model.swift in Sources */,
				11E746CC29AA390F0083EC75 /* ProductsViewModel.swift in Sources */,
				1146E9A029A14AB600420964 /* FirebaseAnalyticsEngine.swift in Sources */,
				1113A3712AF68E60009B9AE5 /* Endpoint.swift in Sources */,
				11E746DD29AA390F0083EC75 /* LaunchScreenUseCasesOutput.swift in Sources */,
				1146E8CF29A1312300420964 /* CabifyChallengeApp.swift in Sources */,
				11E746DB29AA390F0083EC75 /* FirebaseAnalyticsLaunchScreenTracker.swift in Sources */,
				110ADA5729A8376D00E3519F /* BackButtonView.swift in Sources */,
				1191FAA429A93BBB00790D05 /* EmptyResultView.swift in Sources */,
				11E746CE29AA390F0083EC75 /* Products_Mocks.swift in Sources */,
				110ADA1829A82CA200E3519F /* AddToCartButtonView.swift in Sources */,
				11E746E029AA390F0083EC75 /* CartViewModel.swift in Sources */,
				11E746CA29AA390F0083EC75 /* ProductDetailUseCasesFactory.swift in Sources */,
				11C7CA8F29A8028D00B4EE29 /* StyleGuide.swift in Sources */,
				11E746D729AA390F0083EC75 /* LaunchScreenView.swift in Sources */,
				11E746D429AA390F0083EC75 /* ProductsUseCasesFactory.swift in Sources */,
				11E746D229AA390F0083EC75 /* ProductsRepository.swift in Sources */,
				11E746E629AA390F0083EC75 /* CartRepository.swift in Sources */,
				110AD9E729A822BD00E3519F /* ExpButton.swift in Sources */,
				11E746DC29AA390F0083EC75 /* LaunchScreenRepository.swift in Sources */,
				11E746D029AA390F0083EC75 /* ProductsLocal.swift in Sources */,
				1146E98529A13A7700420964 /* AppError-Model.swift in Sources */,
				11E746D129AA390F0083EC75 /* FirebaseAnalyticsProductsTracker.swift in Sources */,
				1191FAB429A944D700790D05 /* MeViewModel.swift in Sources */,
				11E746DF29AA390F0083EC75 /* LaunchScreenUseCasesFactory.swift in Sources */,
				1146E98A29A13A7700420964 /* UIImpactFeedBack.swift in Sources */,
				11E746C729AA390F0083EC75 /* FirebaseAnalyticsProductDetailTracker.swift in Sources */,
				110ADA4229A82ED800E3519F /* PayButtonView.swift in Sources */,
				11E746C529AA390F0083EC75 /* ProductDetailServer.swift in Sources */,
				11E746DA29AA390F0083EC75 /* LaunchScreenLocal.swift in Sources */,
				1146E99B29A1452F00420964 /* AnalyticsEvent.swift in Sources */,
				1146E97F29A13A7700420964 /* ConfigReader.swift in Sources */,
				1146E98929A13A7700420964 /* String-Extension.swift in Sources */,
				11E746D829AA390F0083EC75 /* LaunchScreen_Mocks.swift in Sources */,
				11E746C929AA390F0083EC75 /* ProductDetailUseCasesOutput.swift in Sources */,
				1146E98229A13A7700420964 /* ConfigurationManager.swift in Sources */,
				11E746E929AA390F0083EC75 /* CartUseCasesOutput.swift in Sources */,
				11E746E129AA390F0083EC75 /* CartView.swift in Sources */,
				1191FAB829A944D700790D05 /* Me.swift in Sources */,
				11E746D529AA390F0083EC75 /* ProductsUseCasesOutput.swift in Sources */,
				110ADA0029A8262900E3519F /* PreferencesKey.swift in Sources */,
				11E746E329AA390F0083EC75 /* CartServer.swift in Sources */,
				11E746E829AA390F0083EC75 /* CartUseCasesFactory.swift in Sources */,
				11C7CAAF29A80A2600B4EE29 /* Animation-Extension.swift in Sources */,
				11E746CF29AA390F0083EC75 /* ProductsServer.swift in Sources */,
				1191FAB929A944D700790D05 /* MeView.swift in Sources */,
				11E746D929AA390F0083EC75 /* LaunchScreenServer.swift in Sources */,
				11E746E229AA390F0083EC75 /* Cart_Mocks.swift in Sources */,
				11E746E529AA390F0083EC75 /* FirebaseAnalyticsCartTracker.swift in Sources */,
				110AD9E329A8221100E3519F /* CartButtonView.swift in Sources */,
				110ADA2D29A82EAB00E3519F /* CartProductCell.swift in Sources */,
				11E746CD29AA390F0083EC75 /* ProductsView.swift in Sources */,
				11E746D629AA390F0083EC75 /* LaunchScreenViewModel.swift in Sources */,
				11E746C629AA390F0083EC75 /* ProductDetailLocal.swift in Sources */,
				11E746E429AA390F0083EC75 /* CartLocal.swift in Sources */,
			);
			runOnlyForDeploymentPostprocessing = 0;
		};
		1146E8D729A1312400420964 /* Sources */ = {
			isa = PBXSourcesBuildPhase;
			buildActionMask = 2147483647;
			files = (
				11CE630129AA6BB4003BEC36 /* Products-Moks.swift in Sources */,
				11CE62FE29AA5CB5003BEC36 /* ProductsViewModelTests.swift in Sources */,
				11CE62FA29AA56D2003BEC36 /* LaunchScreenViewModelTests.swift in Sources */,
				11CE630729AA8EF1003BEC36 /* CartViewModelTests.swift in Sources */,
				11CE630529AA80B9003BEC36 /* ProductDetailViewModelTests.swift in Sources */,
			);
			runOnlyForDeploymentPostprocessing = 0;
		};
		1146E8E129A1312400420964 /* Sources */ = {
			isa = PBXSourcesBuildPhase;
			buildActionMask = 2147483647;
			files = (
				1146E8EC29A1312400420964 /* CabifyChallengeUITestsLaunchTests.swift in Sources */,
				1146E8EA29A1312400420964 /* CabifyChallengeUITests.swift in Sources */,
			);
			runOnlyForDeploymentPostprocessing = 0;
		};
/* End PBXSourcesBuildPhase section */

/* Begin PBXTargetDependency section */
		1146E8DD29A1312400420964 /* PBXTargetDependency */ = {
			isa = PBXTargetDependency;
			target = 1146E8CA29A1312300420964 /* CabifyChallenge */;
			targetProxy = 1146E8DC29A1312400420964 /* PBXContainerItemProxy */;
		};
		1146E8E729A1312400420964 /* PBXTargetDependency */ = {
			isa = PBXTargetDependency;
			target = 1146E8CA29A1312300420964 /* CabifyChallenge */;
			targetProxy = 1146E8E629A1312400420964 /* PBXContainerItemProxy */;
		};
/* End PBXTargetDependency section */

/* Begin PBXVariantGroup section */
		1146E95029A13A7600420964 /* Localizable.strings */ = {
			isa = PBXVariantGroup;
			children = (
				1146E95129A13A7600420964 /* en */,
				1146E95229A13A7600420964 /* es */,
			);
			name = Localizable.strings;
			sourceTree = "<group>";
		};
/* End PBXVariantGroup section */

/* Begin XCBuildConfiguration section */
		1146E8ED29A1312400420964 /* Dev */ = {
			isa = XCBuildConfiguration;
			buildSettings = {
				ALWAYS_SEARCH_USER_PATHS = NO;
				CLANG_ANALYZER_NONNULL = YES;
				CLANG_ANALYZER_NUMBER_OBJECT_CONVERSION = YES_AGGRESSIVE;
				CLANG_CXX_LANGUAGE_STANDARD = "gnu++20";
				CLANG_ENABLE_MODULES = YES;
				CLANG_ENABLE_OBJC_ARC = YES;
				CLANG_ENABLE_OBJC_WEAK = YES;
				CLANG_WARN_BLOCK_CAPTURE_AUTORELEASING = YES;
				CLANG_WARN_BOOL_CONVERSION = YES;
				CLANG_WARN_COMMA = YES;
				CLANG_WARN_CONSTANT_CONVERSION = YES;
				CLANG_WARN_DEPRECATED_OBJC_IMPLEMENTATIONS = YES;
				CLANG_WARN_DIRECT_OBJC_ISA_USAGE = YES_ERROR;
				CLANG_WARN_DOCUMENTATION_COMMENTS = YES;
				CLANG_WARN_EMPTY_BODY = YES;
				CLANG_WARN_ENUM_CONVERSION = YES;
				CLANG_WARN_INFINITE_RECURSION = YES;
				CLANG_WARN_INT_CONVERSION = YES;
				CLANG_WARN_NON_LITERAL_NULL_CONVERSION = YES;
				CLANG_WARN_OBJC_IMPLICIT_RETAIN_SELF = YES;
				CLANG_WARN_OBJC_LITERAL_CONVERSION = YES;
				CLANG_WARN_OBJC_ROOT_CLASS = YES_ERROR;
				CLANG_WARN_QUOTED_INCLUDE_IN_FRAMEWORK_HEADER = YES;
				CLANG_WARN_RANGE_LOOP_ANALYSIS = YES;
				CLANG_WARN_STRICT_PROTOTYPES = YES;
				CLANG_WARN_SUSPICIOUS_MOVE = YES;
				CLANG_WARN_UNGUARDED_AVAILABILITY = YES_AGGRESSIVE;
				CLANG_WARN_UNREACHABLE_CODE = YES;
				CLANG_WARN__DUPLICATE_METHOD_MATCH = YES;
				COPY_PHASE_STRIP = NO;
				DEBUG_INFORMATION_FORMAT = dwarf;
				ENABLE_STRICT_OBJC_MSGSEND = YES;
				ENABLE_TESTABILITY = YES;
				GCC_C_LANGUAGE_STANDARD = gnu11;
				GCC_DYNAMIC_NO_PIC = NO;
				GCC_NO_COMMON_BLOCKS = YES;
				GCC_OPTIMIZATION_LEVEL = 0;
				GCC_PREPROCESSOR_DEFINITIONS = (
					"DEBUG=1",
					"$(inherited)",
				);
				GCC_WARN_64_TO_32_BIT_CONVERSION = YES;
				GCC_WARN_ABOUT_RETURN_TYPE = YES_ERROR;
				GCC_WARN_UNDECLARED_SELECTOR = YES;
				GCC_WARN_UNINITIALIZED_AUTOS = YES_AGGRESSIVE;
				GCC_WARN_UNUSED_FUNCTION = YES;
				GCC_WARN_UNUSED_VARIABLE = YES;
				IPHONEOS_DEPLOYMENT_TARGET = 15.0;
				MTL_ENABLE_DEBUG_INFO = INCLUDE_SOURCE;
				MTL_FAST_MATH = YES;
				ONLY_ACTIVE_ARCH = YES;
				SDKROOT = iphoneos;
				SWIFT_ACTIVE_COMPILATION_CONDITIONS = "DEBUG DEV";
				SWIFT_OPTIMIZATION_LEVEL = "-Onone";
			};
			name = Dev;
		};
		1146E8EE29A1312400420964 /* Prod */ = {
			isa = XCBuildConfiguration;
			buildSettings = {
				ALWAYS_SEARCH_USER_PATHS = NO;
				CLANG_ANALYZER_NONNULL = YES;
				CLANG_ANALYZER_NUMBER_OBJECT_CONVERSION = YES_AGGRESSIVE;
				CLANG_CXX_LANGUAGE_STANDARD = "gnu++20";
				CLANG_ENABLE_MODULES = YES;
				CLANG_ENABLE_OBJC_ARC = YES;
				CLANG_ENABLE_OBJC_WEAK = YES;
				CLANG_WARN_BLOCK_CAPTURE_AUTORELEASING = YES;
				CLANG_WARN_BOOL_CONVERSION = YES;
				CLANG_WARN_COMMA = YES;
				CLANG_WARN_CONSTANT_CONVERSION = YES;
				CLANG_WARN_DEPRECATED_OBJC_IMPLEMENTATIONS = YES;
				CLANG_WARN_DIRECT_OBJC_ISA_USAGE = YES_ERROR;
				CLANG_WARN_DOCUMENTATION_COMMENTS = YES;
				CLANG_WARN_EMPTY_BODY = YES;
				CLANG_WARN_ENUM_CONVERSION = YES;
				CLANG_WARN_INFINITE_RECURSION = YES;
				CLANG_WARN_INT_CONVERSION = YES;
				CLANG_WARN_NON_LITERAL_NULL_CONVERSION = YES;
				CLANG_WARN_OBJC_IMPLICIT_RETAIN_SELF = YES;
				CLANG_WARN_OBJC_LITERAL_CONVERSION = YES;
				CLANG_WARN_OBJC_ROOT_CLASS = YES_ERROR;
				CLANG_WARN_QUOTED_INCLUDE_IN_FRAMEWORK_HEADER = YES;
				CLANG_WARN_RANGE_LOOP_ANALYSIS = YES;
				CLANG_WARN_STRICT_PROTOTYPES = YES;
				CLANG_WARN_SUSPICIOUS_MOVE = YES;
				CLANG_WARN_UNGUARDED_AVAILABILITY = YES_AGGRESSIVE;
				CLANG_WARN_UNREACHABLE_CODE = YES;
				CLANG_WARN__DUPLICATE_METHOD_MATCH = YES;
				COPY_PHASE_STRIP = NO;
				DEBUG_INFORMATION_FORMAT = "dwarf-with-dsym";
				ENABLE_NS_ASSERTIONS = NO;
				ENABLE_STRICT_OBJC_MSGSEND = YES;
				GCC_C_LANGUAGE_STANDARD = gnu11;
				GCC_NO_COMMON_BLOCKS = YES;
				GCC_WARN_64_TO_32_BIT_CONVERSION = YES;
				GCC_WARN_ABOUT_RETURN_TYPE = YES_ERROR;
				GCC_WARN_UNDECLARED_SELECTOR = YES;
				GCC_WARN_UNINITIALIZED_AUTOS = YES_AGGRESSIVE;
				GCC_WARN_UNUSED_FUNCTION = YES;
				GCC_WARN_UNUSED_VARIABLE = YES;
				IPHONEOS_DEPLOYMENT_TARGET = 15.0;
				MTL_ENABLE_DEBUG_INFO = NO;
				MTL_FAST_MATH = YES;
				SDKROOT = iphoneos;
				SWIFT_ACTIVE_COMPILATION_CONDITIONS = PROD;
				SWIFT_COMPILATION_MODE = wholemodule;
				SWIFT_OPTIMIZATION_LEVEL = "-O";
				VALIDATE_PRODUCT = YES;
			};
			name = Prod;
		};
		1146E8F029A1312400420964 /* Dev */ = {
			isa = XCBuildConfiguration;
			buildSettings = {
				ASSETCATALOG_COMPILER_APPICON_NAME = AppIcon;
				ASSETCATALOG_COMPILER_GLOBAL_ACCENT_COLOR_NAME = AccentColor;
				CODE_SIGN_STYLE = Automatic;
				CURRENT_PROJECT_VERSION = 1;
				DEVELOPMENT_ASSET_PATHS = "\"CabifyChallenge/Preview Content\"";
				DEVELOPMENT_TEAM = ZASPB3G349;
				ENABLE_PREVIEWS = YES;
				GENERATE_INFOPLIST_FILE = YES;
				INFOPLIST_FILE = CabifyChallenge/Info.plist;
				INFOPLIST_KEY_UIApplicationSceneManifest_Generation = YES;
				INFOPLIST_KEY_UIApplicationSupportsIndirectInputEvents = YES;
				INFOPLIST_KEY_UILaunchScreen_Generation = YES;
				INFOPLIST_KEY_UILaunchStoryboardName = "";
				INFOPLIST_KEY_UISupportedInterfaceOrientations = UIInterfaceOrientationPortrait;
				INFOPLIST_KEY_UIUserInterfaceStyle = Light;
				IPHONEOS_DEPLOYMENT_TARGET = 15.0;
				LD_RUNPATH_SEARCH_PATHS = (
					"$(inherited)",
					"@executable_path/Frameworks",
				);
				MARKETING_VERSION = 1.0;
				PRODUCT_BUNDLE_IDENTIFIER = com.bryancms.CabifyChallenge;
				PRODUCT_NAME = "$(TARGET_NAME)";
				SWIFT_EMIT_LOC_STRINGS = YES;
				SWIFT_VERSION = 5.0;
				TARGETED_DEVICE_FAMILY = "1,2";
			};
			name = Dev;
		};
		1146E8F129A1312400420964 /* Prod */ = {
			isa = XCBuildConfiguration;
			buildSettings = {
				ASSETCATALOG_COMPILER_APPICON_NAME = AppIcon;
				ASSETCATALOG_COMPILER_GLOBAL_ACCENT_COLOR_NAME = AccentColor;
				CODE_SIGN_STYLE = Automatic;
				CURRENT_PROJECT_VERSION = 1;
				DEVELOPMENT_ASSET_PATHS = "\"CabifyChallenge/Preview Content\"";
				DEVELOPMENT_TEAM = ZASPB3G349;
				ENABLE_PREVIEWS = YES;
				ENABLE_TESTABILITY = YES;
				GENERATE_INFOPLIST_FILE = YES;
				INFOPLIST_FILE = CabifyChallenge/Info.plist;
				INFOPLIST_KEY_UIApplicationSceneManifest_Generation = YES;
				INFOPLIST_KEY_UIApplicationSupportsIndirectInputEvents = YES;
				INFOPLIST_KEY_UILaunchScreen_Generation = YES;
				INFOPLIST_KEY_UILaunchStoryboardName = "";
				INFOPLIST_KEY_UISupportedInterfaceOrientations = UIInterfaceOrientationPortrait;
				INFOPLIST_KEY_UIUserInterfaceStyle = Light;
				IPHONEOS_DEPLOYMENT_TARGET = 15.0;
				LD_RUNPATH_SEARCH_PATHS = (
					"$(inherited)",
					"@executable_path/Frameworks",
				);
				MARKETING_VERSION = 1.0;
				PRODUCT_BUNDLE_IDENTIFIER = com.bryancms.CabifyChallenge;
				PRODUCT_NAME = "$(TARGET_NAME)";
				SWIFT_EMIT_LOC_STRINGS = YES;
				SWIFT_VERSION = 5.0;
				TARGETED_DEVICE_FAMILY = "1,2";
			};
			name = Prod;
		};
		1146E8F329A1312400420964 /* Dev */ = {
			isa = XCBuildConfiguration;
			buildSettings = {
				ALWAYS_EMBED_SWIFT_STANDARD_LIBRARIES = YES;
				BUNDLE_LOADER = "$(TEST_HOST)";
				CODE_SIGN_STYLE = Automatic;
				CURRENT_PROJECT_VERSION = 1;
				DEVELOPMENT_TEAM = ZASPB3G349;
				GENERATE_INFOPLIST_FILE = YES;
				IPHONEOS_DEPLOYMENT_TARGET = 15.0;
				MARKETING_VERSION = 1.0;
				PRODUCT_BUNDLE_IDENTIFIER = com.bryancms.CabifyChallengeTests;
				PRODUCT_NAME = "$(TARGET_NAME)";
				SWIFT_EMIT_LOC_STRINGS = NO;
				SWIFT_VERSION = 5.0;
				TARGETED_DEVICE_FAMILY = "1,2";
				TEST_HOST = "$(BUILT_PRODUCTS_DIR)/CabifyChallenge.app/$(BUNDLE_EXECUTABLE_FOLDER_PATH)/CabifyChallenge";
			};
			name = Dev;
		};
		1146E8F429A1312400420964 /* Prod */ = {
			isa = XCBuildConfiguration;
			buildSettings = {
				ALWAYS_EMBED_SWIFT_STANDARD_LIBRARIES = YES;
				BUNDLE_LOADER = "$(TEST_HOST)";
				CODE_SIGN_STYLE = Automatic;
				CURRENT_PROJECT_VERSION = 1;
				DEVELOPMENT_TEAM = ZASPB3G349;
				GENERATE_INFOPLIST_FILE = YES;
				IPHONEOS_DEPLOYMENT_TARGET = 15.0;
				MARKETING_VERSION = 1.0;
				PRODUCT_BUNDLE_IDENTIFIER = com.bryancms.CabifyChallengeTests;
				PRODUCT_NAME = "$(TARGET_NAME)";
				SWIFT_EMIT_LOC_STRINGS = NO;
				SWIFT_VERSION = 5.0;
				TARGETED_DEVICE_FAMILY = "1,2";
				TEST_HOST = "$(BUILT_PRODUCTS_DIR)/CabifyChallenge.app/$(BUNDLE_EXECUTABLE_FOLDER_PATH)/CabifyChallenge";
			};
			name = Prod;
		};
		1146E8F629A1312400420964 /* Dev */ = {
			isa = XCBuildConfiguration;
			buildSettings = {
				ALWAYS_EMBED_SWIFT_STANDARD_LIBRARIES = YES;
				"CODE_SIGN_IDENTITY[sdk=macosx*]" = "-";
				CODE_SIGN_STYLE = Automatic;
				CURRENT_PROJECT_VERSION = 1;
				DEVELOPMENT_TEAM = ZASPB3G349;
				GENERATE_INFOPLIST_FILE = YES;
				MARKETING_VERSION = 1.0;
				PRODUCT_BUNDLE_IDENTIFIER = com.bryancms.CabifyChallengeUITests;
				PRODUCT_NAME = "$(TARGET_NAME)";
				SWIFT_EMIT_LOC_STRINGS = NO;
				SWIFT_VERSION = 5.0;
				TARGETED_DEVICE_FAMILY = "1,2";
				TEST_TARGET_NAME = CabifyChallenge;
			};
			name = Dev;
		};
		1146E8F729A1312400420964 /* Prod */ = {
			isa = XCBuildConfiguration;
			buildSettings = {
				ALWAYS_EMBED_SWIFT_STANDARD_LIBRARIES = YES;
				"CODE_SIGN_IDENTITY[sdk=macosx*]" = "-";
				CODE_SIGN_STYLE = Automatic;
				CURRENT_PROJECT_VERSION = 1;
				DEVELOPMENT_TEAM = ZASPB3G349;
				GENERATE_INFOPLIST_FILE = YES;
				MARKETING_VERSION = 1.0;
				PRODUCT_BUNDLE_IDENTIFIER = com.bryancms.CabifyChallengeUITests;
				PRODUCT_NAME = "$(TARGET_NAME)";
				SWIFT_EMIT_LOC_STRINGS = NO;
				SWIFT_VERSION = 5.0;
				TARGETED_DEVICE_FAMILY = "1,2";
				TEST_TARGET_NAME = CabifyChallenge;
			};
			name = Prod;
		};
/* End XCBuildConfiguration section */

/* Begin XCConfigurationList section */
		1146E8C629A1312300420964 /* Build configuration list for PBXProject "CabifyChallenge" */ = {
			isa = XCConfigurationList;
			buildConfigurations = (
				1146E8ED29A1312400420964 /* Dev */,
				1146E8EE29A1312400420964 /* Prod */,
			);
			defaultConfigurationIsVisible = 0;
			defaultConfigurationName = Prod;
		};
		1146E8EF29A1312400420964 /* Build configuration list for PBXNativeTarget "CabifyChallenge" */ = {
			isa = XCConfigurationList;
			buildConfigurations = (
				1146E8F029A1312400420964 /* Dev */,
				1146E8F129A1312400420964 /* Prod */,
			);
			defaultConfigurationIsVisible = 0;
			defaultConfigurationName = Prod;
		};
		1146E8F229A1312400420964 /* Build configuration list for PBXNativeTarget "CabifyChallengeTests" */ = {
			isa = XCConfigurationList;
			buildConfigurations = (
				1146E8F329A1312400420964 /* Dev */,
				1146E8F429A1312400420964 /* Prod */,
			);
			defaultConfigurationIsVisible = 0;
			defaultConfigurationName = Prod;
		};
		1146E8F529A1312400420964 /* Build configuration list for PBXNativeTarget "CabifyChallengeUITests" */ = {
			isa = XCConfigurationList;
			buildConfigurations = (
				1146E8F629A1312400420964 /* Dev */,
				1146E8F729A1312400420964 /* Prod */,
			);
			defaultConfigurationIsVisible = 0;
			defaultConfigurationName = Prod;
		};
/* End XCConfigurationList section */

/* Begin XCRemoteSwiftPackageReference section */
		1113A36A2AF6863E009B9AE5 /* XCRemoteSwiftPackageReference "CoreNetwork" */ = {
			isa = XCRemoteSwiftPackageReference;
			repositoryURL = "https://github.com/bryancaro/CoreNetwork.git";
			requirement = {
				branch = master;
				kind = branch;
			};
		};
		1113A36D2AF68C70009B9AE5 /* XCRemoteSwiftPackageReference "CoreUtils" */ = {
			isa = XCRemoteSwiftPackageReference;
			repositoryURL = "https://github.com/bryancaro/CoreUtils.git";
			requirement = {
				branch = develop;
				kind = branch;
			};
		};
		11B10BB329ABC44B002F59E8 /* XCRemoteSwiftPackageReference "ConfettiSwiftUI" */ = {
			isa = XCRemoteSwiftPackageReference;
			repositoryURL = "https://github.com/simibac/ConfettiSwiftUI.git";
			requirement = {
				kind = upToNextMajorVersion;
				minimumVersion = 1.0.0;
			};
		};
/* End XCRemoteSwiftPackageReference section */

/* Begin XCSwiftPackageProductDependency section */
		1113A36B2AF6863E009B9AE5 /* CoreNetwork */ = {
			isa = XCSwiftPackageProductDependency;
			package = 1113A36A2AF6863E009B9AE5 /* XCRemoteSwiftPackageReference "CoreNetwork" */;
			productName = CoreNetwork;
		};
		1113A36E2AF68C70009B9AE5 /* CoreUtils */ = {
			isa = XCSwiftPackageProductDependency;
			package = 1113A36D2AF68C70009B9AE5 /* XCRemoteSwiftPackageReference "CoreUtils" */;
			productName = CoreUtils;
		};
		11B10BB429ABC44B002F59E8 /* ConfettiSwiftUI */ = {
			isa = XCSwiftPackageProductDependency;
			package = 11B10BB329ABC44B002F59E8 /* XCRemoteSwiftPackageReference "ConfettiSwiftUI" */;
			productName = ConfettiSwiftUI;
		};
/* End XCSwiftPackageProductDependency section */
	};
	rootObject = 1146E8C329A1312300420964 /* Project object */;
}
